// !$*UTF8*$!
{
	archiveVersion = 1;
	classes = {
	};
	objectVersion = 50;
	objects = {

/* Begin PBXAggregateTarget section */
		77C0D0EA2121959C00DFFFF8 /* CommonBuilder */ = {
			isa = PBXAggregateTarget;
			buildConfigurationList = 77C0D0EB2121959C00DFFFF8 /* Build configuration list for PBXAggregateTarget "CommonBuilder" */;
			buildPhases = (
				77C0D0EE212195AF00DFFFF8 /* ShellScript */,
			);
			dependencies = (
			);
			name = CommonBuilder;
			productName = CommonBuilder;
		};
/* End PBXAggregateTarget section */

/* Begin PBXBuildFile section */
		77C0CE9C2121631C00DFFFF8 /* KeepCharts.h in Headers */ = {isa = PBXBuildFile; fileRef = 77C0CE9A2121631C00DFFFF8 /* KeepCharts.h */; settings = {ATTRIBUTES = (Public, ); }; };
		77C0D061212163E000DFFFF8 /* KeepDataApproximator.swift in Sources */ = {isa = PBXBuildFile; fileRef = 77C0CFC9212163DF00DFFFF8 /* KeepDataApproximator.swift */; };
		77C0D062212163E000DFFFF8 /* KeepDataApproximator+N.swift in Sources */ = {isa = PBXBuildFile; fileRef = 77C0CFCA212163DF00DFFFF8 /* KeepDataApproximator+N.swift */; };
		77C0D063212163E000DFFFF8 /* KeepRadarChartRenderer.swift in Sources */ = {isa = PBXBuildFile; fileRef = 77C0CFCC212163DF00DFFFF8 /* KeepRadarChartRenderer.swift */; };
		77C0D064212163E000DFFFF8 /* KeepLegendRenderer.swift in Sources */ = {isa = PBXBuildFile; fileRef = 77C0CFCD212163DF00DFFFF8 /* KeepLegendRenderer.swift */; };
		77C0D065212163E000DFFFF8 /* KeepYAxisRendererHorizontalBarChart.swift in Sources */ = {isa = PBXBuildFile; fileRef = 77C0CFCE212163DF00DFFFF8 /* KeepYAxisRendererHorizontalBarChart.swift */; };
		77C0D066212163E000DFFFF8 /* KeepBubbleChartRenderer.swift in Sources */ = {isa = PBXBuildFile; fileRef = 77C0CFCF212163DF00DFFFF8 /* KeepBubbleChartRenderer.swift */; };
		77C0D067212163E000DFFFF8 /* KeepLineChartRenderer.swift in Sources */ = {isa = PBXBuildFile; fileRef = 77C0CFD0212163DF00DFFFF8 /* KeepLineChartRenderer.swift */; };
		77C0D068212163E000DFFFF8 /* KeepAxisRendererBase.swift in Sources */ = {isa = PBXBuildFile; fileRef = 77C0CFD1212163DF00DFFFF8 /* KeepAxisRendererBase.swift */; };
		77C0D069212163E000DFFFF8 /* KeepChartDataRendererBase.swift in Sources */ = {isa = PBXBuildFile; fileRef = 77C0CFD2212163DF00DFFFF8 /* KeepChartDataRendererBase.swift */; };
		77C0D06A212163E000DFFFF8 /* KeepYAxisRenderer.swift in Sources */ = {isa = PBXBuildFile; fileRef = 77C0CFD3212163DF00DFFFF8 /* KeepYAxisRenderer.swift */; };
		77C0D06B212163E000DFFFF8 /* KeepScatterChartRenderer.swift in Sources */ = {isa = PBXBuildFile; fileRef = 77C0CFD4212163DF00DFFFF8 /* KeepScatterChartRenderer.swift */; };
		77C0D06C212163E000DFFFF8 /* KeepCombinedChartRenderer.swift in Sources */ = {isa = PBXBuildFile; fileRef = 77C0CFD5212163DF00DFFFF8 /* KeepCombinedChartRenderer.swift */; };
		77C0D06D212163E000DFFFF8 /* KeepCandleStickChartRenderer.swift in Sources */ = {isa = PBXBuildFile; fileRef = 77C0CFD6212163DF00DFFFF8 /* KeepCandleStickChartRenderer.swift */; };
		77C0D06E212163E000DFFFF8 /* KeepBarChartRenderer.swift in Sources */ = {isa = PBXBuildFile; fileRef = 77C0CFD7212163DF00DFFFF8 /* KeepBarChartRenderer.swift */; };
		77C0D06F212163E000DFFFF8 /* KeepXAxisRenderer.swift in Sources */ = {isa = PBXBuildFile; fileRef = 77C0CFD8212163DF00DFFFF8 /* KeepXAxisRenderer.swift */; };
		77C0D070212163E000DFFFF8 /* KeepLineRadarRenderer.swift in Sources */ = {isa = PBXBuildFile; fileRef = 77C0CFD9212163DF00DFFFF8 /* KeepLineRadarRenderer.swift */; };
		77C0D071212163E000DFFFF8 /* KeepBarLineScatterCandleBubbleRenderer.swift in Sources */ = {isa = PBXBuildFile; fileRef = 77C0CFDA212163DF00DFFFF8 /* KeepBarLineScatterCandleBubbleRenderer.swift */; };
		77C0D072212163E000DFFFF8 /* KeepXShapeRenderer.swift in Sources */ = {isa = PBXBuildFile; fileRef = 77C0CFDC212163DF00DFFFF8 /* KeepXShapeRenderer.swift */; };
		77C0D073212163E000DFFFF8 /* KeepSquareShapeRenderer.swift in Sources */ = {isa = PBXBuildFile; fileRef = 77C0CFDD212163DF00DFFFF8 /* KeepSquareShapeRenderer.swift */; };
		77C0D074212163E000DFFFF8 /* KeepChevronDownShapeRenderer.swift in Sources */ = {isa = PBXBuildFile; fileRef = 77C0CFDE212163DF00DFFFF8 /* KeepChevronDownShapeRenderer.swift */; };
		77C0D075212163E000DFFFF8 /* KeepIShapeRenderer.swift in Sources */ = {isa = PBXBuildFile; fileRef = 77C0CFDF212163DF00DFFFF8 /* KeepIShapeRenderer.swift */; };
		77C0D076212163E000DFFFF8 /* KeepCircleShapeRenderer.swift in Sources */ = {isa = PBXBuildFile; fileRef = 77C0CFE0212163DF00DFFFF8 /* KeepCircleShapeRenderer.swift */; };
		77C0D077212163E000DFFFF8 /* KeepCrossShapeRenderer.swift in Sources */ = {isa = PBXBuildFile; fileRef = 77C0CFE1212163DF00DFFFF8 /* KeepCrossShapeRenderer.swift */; };
		77C0D078212163E000DFFFF8 /* KeepTriangleShapeRenderer.swift in Sources */ = {isa = PBXBuildFile; fileRef = 77C0CFE2212163DF00DFFFF8 /* KeepTriangleShapeRenderer.swift */; };
		77C0D079212163E000DFFFF8 /* KeepChevronUpShapeRenderer.swift in Sources */ = {isa = PBXBuildFile; fileRef = 77C0CFE3212163DF00DFFFF8 /* KeepChevronUpShapeRenderer.swift */; };
		77C0D07A212163E000DFFFF8 /* KeepXAxisRendererHorizontalBarChart.swift in Sources */ = {isa = PBXBuildFile; fileRef = 77C0CFE4212163DF00DFFFF8 /* KeepXAxisRendererHorizontalBarChart.swift */; };
		77C0D07B212163E000DFFFF8 /* KeepHorizontalBarChartRenderer.swift in Sources */ = {isa = PBXBuildFile; fileRef = 77C0CFE5212163DF00DFFFF8 /* KeepHorizontalBarChartRenderer.swift */; };
		77C0D07C212163E000DFFFF8 /* KeepXAxisRendererRadarChart.swift in Sources */ = {isa = PBXBuildFile; fileRef = 77C0CFE6212163DF00DFFFF8 /* KeepXAxisRendererRadarChart.swift */; };
		77C0D07D212163E000DFFFF8 /* KeepYAxisRendererRadarChart.swift in Sources */ = {isa = PBXBuildFile; fileRef = 77C0CFE7212163DF00DFFFF8 /* KeepYAxisRendererRadarChart.swift */; };
		77C0D07E212163E000DFFFF8 /* KeepPieChartRenderer.swift in Sources */ = {isa = PBXBuildFile; fileRef = 77C0CFE8212163DF00DFFFF8 /* KeepPieChartRenderer.swift */; };
		77C0D07F212163E000DFFFF8 /* KeepRenderer.swift in Sources */ = {isa = PBXBuildFile; fileRef = 77C0CFE9212163DF00DFFFF8 /* KeepRenderer.swift */; };
		77C0D080212163E000DFFFF8 /* KeepLineScatterCandleRadarRenderer.swift in Sources */ = {isa = PBXBuildFile; fileRef = 77C0CFEA212163DF00DFFFF8 /* KeepLineScatterCandleRadarRenderer.swift */; };
		77C0D081212163E000DFFFF8 /* KeepBarHighlighter.swift in Sources */ = {isa = PBXBuildFile; fileRef = 77C0CFEC212163DF00DFFFF8 /* KeepBarHighlighter.swift */; };
		77C0D082212163E000DFFFF8 /* KeepRadarHighlighter.swift in Sources */ = {isa = PBXBuildFile; fileRef = 77C0CFED212163DF00DFFFF8 /* KeepRadarHighlighter.swift */; };
		77C0D083212163E000DFFFF8 /* KeepHighlight.swift in Sources */ = {isa = PBXBuildFile; fileRef = 77C0CFEE212163DF00DFFFF8 /* KeepHighlight.swift */; };
		77C0D084212163E000DFFFF8 /* KeepPieHighlighter.swift in Sources */ = {isa = PBXBuildFile; fileRef = 77C0CFEF212163DF00DFFFF8 /* KeepPieHighlighter.swift */; };
		77C0D085212163E000DFFFF8 /* KeepHorizontalBarHighlighter.swift in Sources */ = {isa = PBXBuildFile; fileRef = 77C0CFF0212163DF00DFFFF8 /* KeepHorizontalBarHighlighter.swift */; };
		77C0D086212163E000DFFFF8 /* KeepPieRadarHighlighter.swift in Sources */ = {isa = PBXBuildFile; fileRef = 77C0CFF1212163DF00DFFFF8 /* KeepPieRadarHighlighter.swift */; };
		77C0D087212163E000DFFFF8 /* KeepRange.swift in Sources */ = {isa = PBXBuildFile; fileRef = 77C0CFF2212163DF00DFFFF8 /* KeepRange.swift */; };
		77C0D088212163E000DFFFF8 /* KeepChartHighlighter.swift in Sources */ = {isa = PBXBuildFile; fileRef = 77C0CFF3212163DF00DFFFF8 /* KeepChartHighlighter.swift */; };
		77C0D089212163E000DFFFF8 /* KeepIHighlighter.swift in Sources */ = {isa = PBXBuildFile; fileRef = 77C0CFF4212163DF00DFFFF8 /* KeepIHighlighter.swift */; };
		77C0D08A212163E000DFFFF8 /* KeepCombinedHighlighter.swift in Sources */ = {isa = PBXBuildFile; fileRef = 77C0CFF5212163DF00DFFFF8 /* KeepCombinedHighlighter.swift */; };
		77C0D08B212163E000DFFFF8 /* KeepCandleStickChartView.swift in Sources */ = {isa = PBXBuildFile; fileRef = 77C0CFF7212163DF00DFFFF8 /* KeepCandleStickChartView.swift */; };
		77C0D08C212163E000DFFFF8 /* KeepRadarChartView.swift in Sources */ = {isa = PBXBuildFile; fileRef = 77C0CFF8212163DF00DFFFF8 /* KeepRadarChartView.swift */; };
		77C0D08D212163E000DFFFF8 /* KeepBarLineChartViewBase.swift in Sources */ = {isa = PBXBuildFile; fileRef = 77C0CFF9212163DF00DFFFF8 /* KeepBarLineChartViewBase.swift */; };
		77C0D08E212163E000DFFFF8 /* KeepLineChartView.swift in Sources */ = {isa = PBXBuildFile; fileRef = 77C0CFFA212163DF00DFFFF8 /* KeepLineChartView.swift */; };
		77C0D08F212163E000DFFFF8 /* KeepCombinedChartView.swift in Sources */ = {isa = PBXBuildFile; fileRef = 77C0CFFB212163DF00DFFFF8 /* KeepCombinedChartView.swift */; };
		77C0D090212163E000DFFFF8 /* KeepHorizontalBarChartView.swift in Sources */ = {isa = PBXBuildFile; fileRef = 77C0CFFC212163DF00DFFFF8 /* KeepHorizontalBarChartView.swift */; };
		77C0D091212163E000DFFFF8 /* KeepChartViewBase.swift in Sources */ = {isa = PBXBuildFile; fileRef = 77C0CFFD212163DF00DFFFF8 /* KeepChartViewBase.swift */; };
		77C0D092212163E000DFFFF8 /* KeepBubbleChartView.swift in Sources */ = {isa = PBXBuildFile; fileRef = 77C0CFFE212163DF00DFFFF8 /* KeepBubbleChartView.swift */; };
		77C0D093212163E000DFFFF8 /* KeepPieRadarChartViewBase.swift in Sources */ = {isa = PBXBuildFile; fileRef = 77C0CFFF212163DF00DFFFF8 /* KeepPieRadarChartViewBase.swift */; };
		77C0D094212163E000DFFFF8 /* KeepBarChartView.swift in Sources */ = {isa = PBXBuildFile; fileRef = 77C0D000212163DF00DFFFF8 /* KeepBarChartView.swift */; };
		77C0D095212163E000DFFFF8 /* KeepScatterChartView.swift in Sources */ = {isa = PBXBuildFile; fileRef = 77C0D001212163DF00DFFFF8 /* KeepScatterChartView.swift */; };
		77C0D096212163E000DFFFF8 /* KeepPieChartView.swift in Sources */ = {isa = PBXBuildFile; fileRef = 77C0D002212163DF00DFFFF8 /* KeepPieChartView.swift */; };
		77C0D097212163E000DFFFF8 /* KeepChartAnimationEasing.swift in Sources */ = {isa = PBXBuildFile; fileRef = 77C0D004212163DF00DFFFF8 /* KeepChartAnimationEasing.swift */; };
		77C0D098212163E000DFFFF8 /* KeepAnimator.swift in Sources */ = {isa = PBXBuildFile; fileRef = 77C0D005212163DF00DFFFF8 /* KeepAnimator.swift */; };
		77C0D099212163E000DFFFF8 /* KeepIAxisValueFormatter.swift in Sources */ = {isa = PBXBuildFile; fileRef = 77C0D007212163DF00DFFFF8 /* KeepIAxisValueFormatter.swift */; };
		77C0D09A212163E000DFFFF8 /* KeepDefaultFillFormatter.swift in Sources */ = {isa = PBXBuildFile; fileRef = 77C0D008212163DF00DFFFF8 /* KeepDefaultFillFormatter.swift */; };
		77C0D09B212163E000DFFFF8 /* KeepDefaultValueFormatter.swift in Sources */ = {isa = PBXBuildFile; fileRef = 77C0D009212163DF00DFFFF8 /* KeepDefaultValueFormatter.swift */; };
		77C0D09C212163E000DFFFF8 /* KeepDefaultAxisValueFormatter.swift in Sources */ = {isa = PBXBuildFile; fileRef = 77C0D00A212163DF00DFFFF8 /* KeepDefaultAxisValueFormatter.swift */; };
		77C0D09D212163E000DFFFF8 /* KeepIndexAxisValueFormatter.swift in Sources */ = {isa = PBXBuildFile; fileRef = 77C0D00B212163DF00DFFFF8 /* KeepIndexAxisValueFormatter.swift */; };
		77C0D09E212163E000DFFFF8 /* KeepIFillFormatter.swift in Sources */ = {isa = PBXBuildFile; fileRef = 77C0D00C212163DF00DFFFF8 /* KeepIFillFormatter.swift */; };
		77C0D09F212163E000DFFFF8 /* KeepIValueFormatter.swift in Sources */ = {isa = PBXBuildFile; fileRef = 77C0D00D212163DF00DFFFF8 /* KeepIValueFormatter.swift */; };
		77C0D0A0212163E000DFFFF8 /* KeepFill.swift in Sources */ = {isa = PBXBuildFile; fileRef = 77C0D00F212163DF00DFFFF8 /* KeepFill.swift */; };
		77C0D0A1212163E000DFFFF8 /* KeepTransformer.swift in Sources */ = {isa = PBXBuildFile; fileRef = 77C0D010212163DF00DFFFF8 /* KeepTransformer.swift */; };
		77C0D0A2212163E000DFFFF8 /* KeepViewPortHandler.swift in Sources */ = {isa = PBXBuildFile; fileRef = 77C0D011212163DF00DFFFF8 /* KeepViewPortHandler.swift */; };
		77C0D0A3212163E000DFFFF8 /* Platform.swift in Sources */ = {isa = PBXBuildFile; fileRef = 77C0D012212163DF00DFFFF8 /* Platform.swift */; };
		77C0D0A4212163E000DFFFF8 /* KeepChartColorTemplates.swift in Sources */ = {isa = PBXBuildFile; fileRef = 77C0D013212163DF00DFFFF8 /* KeepChartColorTemplates.swift */; };
		77C0D0A5212163E000DFFFF8 /* KeepTransformerHorizontalBarChart.swift in Sources */ = {isa = PBXBuildFile; fileRef = 77C0D014212163DF00DFFFF8 /* KeepTransformerHorizontalBarChart.swift */; };
		77C0D0A6212163E000DFFFF8 /* KeepChartUtils.swift in Sources */ = {isa = PBXBuildFile; fileRef = 77C0D015212163DF00DFFFF8 /* KeepChartUtils.swift */; };
		77C0D0A7212163E000DFFFF8 /* KeepDescription.swift in Sources */ = {isa = PBXBuildFile; fileRef = 77C0D017212163DF00DFFFF8 /* KeepDescription.swift */; };
		77C0D0A8212163E000DFFFF8 /* KeepIMarker.swift in Sources */ = {isa = PBXBuildFile; fileRef = 77C0D018212163DF00DFFFF8 /* KeepIMarker.swift */; };
		77C0D0A9212163E000DFFFF8 /* KeepMarkerImage.swift in Sources */ = {isa = PBXBuildFile; fileRef = 77C0D019212163DF00DFFFF8 /* KeepMarkerImage.swift */; };
		77C0D0AA212163E000DFFFF8 /* KeepLegend.swift in Sources */ = {isa = PBXBuildFile; fileRef = 77C0D01A212163DF00DFFFF8 /* KeepLegend.swift */; };
		77C0D0AB212163E000DFFFF8 /* KeepLegendEntry.swift in Sources */ = {isa = PBXBuildFile; fileRef = 77C0D01B212163DF00DFFFF8 /* KeepLegendEntry.swift */; };
		77C0D0AC212163E000DFFFF8 /* KeepYAxis.swift in Sources */ = {isa = PBXBuildFile; fileRef = 77C0D01C212163DF00DFFFF8 /* KeepYAxis.swift */; };
		77C0D0AD212163E000DFFFF8 /* KeepAxisBase.swift in Sources */ = {isa = PBXBuildFile; fileRef = 77C0D01D212163DF00DFFFF8 /* KeepAxisBase.swift */; };
		77C0D0AE212163E000DFFFF8 /* KeepXAxis.swift in Sources */ = {isa = PBXBuildFile; fileRef = 77C0D01E212163DF00DFFFF8 /* KeepXAxis.swift */; };
		77C0D0AF212163E000DFFFF8 /* KeepChartLimitLine.swift in Sources */ = {isa = PBXBuildFile; fileRef = 77C0D01F212163DF00DFFFF8 /* KeepChartLimitLine.swift */; };
		77C0D0B0212163E000DFFFF8 /* KeepMarkerView.swift in Sources */ = {isa = PBXBuildFile; fileRef = 77C0D020212163DF00DFFFF8 /* KeepMarkerView.swift */; };
		77C0D0B1212163E000DFFFF8 /* KeepComponentBase.swift in Sources */ = {isa = PBXBuildFile; fileRef = 77C0D021212163DF00DFFFF8 /* KeepComponentBase.swift */; };
		77C0D0B2212163E000DFFFF8 /* KeepAnimatedZoomViewJob.swift in Sources */ = {isa = PBXBuildFile; fileRef = 77C0D023212163DF00DFFFF8 /* KeepAnimatedZoomViewJob.swift */; };
		77C0D0B3212163E000DFFFF8 /* KeepViewPortJob.swift in Sources */ = {isa = PBXBuildFile; fileRef = 77C0D024212163DF00DFFFF8 /* KeepViewPortJob.swift */; };
		77C0D0B4212163E000DFFFF8 /* KeepMoveViewJob.swift in Sources */ = {isa = PBXBuildFile; fileRef = 77C0D025212163DF00DFFFF8 /* KeepMoveViewJob.swift */; };
		77C0D0B5212163E000DFFFF8 /* KeepZoomViewJob.swift in Sources */ = {isa = PBXBuildFile; fileRef = 77C0D026212163DF00DFFFF8 /* KeepZoomViewJob.swift */; };
		77C0D0B6212163E000DFFFF8 /* KeepAnimatedViewPortJob.swift in Sources */ = {isa = PBXBuildFile; fileRef = 77C0D027212163DF00DFFFF8 /* KeepAnimatedViewPortJob.swift */; };
		77C0D0B7212163E000DFFFF8 /* KeepAnimatedMoveViewJob.swift in Sources */ = {isa = PBXBuildFile; fileRef = 77C0D028212163DF00DFFFF8 /* KeepAnimatedMoveViewJob.swift */; };
		77C0D0B8212163E000DFFFF8 /* KeepChartData.swift in Sources */ = {isa = PBXBuildFile; fileRef = 77C0D02C212163DF00DFFFF8 /* KeepChartData.swift */; };
		77C0D0B9212163E000DFFFF8 /* KeepBarChartDataEntry.swift in Sources */ = {isa = PBXBuildFile; fileRef = 77C0D02D212163DF00DFFFF8 /* KeepBarChartDataEntry.swift */; };
		77C0D0BA212163E000DFFFF8 /* KeepBarChartDataSet.swift in Sources */ = {isa = PBXBuildFile; fileRef = 77C0D02E212163DF00DFFFF8 /* KeepBarChartDataSet.swift */; };
		77C0D0BB212163E000DFFFF8 /* KeepRadarChartDataEntry.swift in Sources */ = {isa = PBXBuildFile; fileRef = 77C0D02F212163DF00DFFFF8 /* KeepRadarChartDataEntry.swift */; };
		77C0D0BC212163E000DFFFF8 /* KeepBarLineScatterCandleBubbleChartDataSet.swift in Sources */ = {isa = PBXBuildFile; fileRef = 77C0D030212163DF00DFFFF8 /* KeepBarLineScatterCandleBubbleChartDataSet.swift */; };
		77C0D0BD212163E000DFFFF8 /* KeepPieChartDataEntry.swift in Sources */ = {isa = PBXBuildFile; fileRef = 77C0D031212163DF00DFFFF8 /* KeepPieChartDataEntry.swift */; };
		77C0D0BE212163E000DFFFF8 /* KeepCandleChartDataEntry.swift in Sources */ = {isa = PBXBuildFile; fileRef = 77C0D032212163DF00DFFFF8 /* KeepCandleChartDataEntry.swift */; };
		77C0D0BF212163E000DFFFF8 /* KeepCombinedChartData.swift in Sources */ = {isa = PBXBuildFile; fileRef = 77C0D033212163DF00DFFFF8 /* KeepCombinedChartData.swift */; };
		77C0D0C0212163E000DFFFF8 /* KeepLineChartData.swift in Sources */ = {isa = PBXBuildFile; fileRef = 77C0D034212163DF00DFFFF8 /* KeepLineChartData.swift */; };
		77C0D0C1212163E000DFFFF8 /* KeepRadarChartData.swift in Sources */ = {isa = PBXBuildFile; fileRef = 77C0D035212163DF00DFFFF8 /* KeepRadarChartData.swift */; };
		77C0D0C2212163E000DFFFF8 /* KeepCandleChartDataSet.swift in Sources */ = {isa = PBXBuildFile; fileRef = 77C0D036212163DF00DFFFF8 /* KeepCandleChartDataSet.swift */; };
		77C0D0C3212163E000DFFFF8 /* KeepLineRadarChartDataSet.swift in Sources */ = {isa = PBXBuildFile; fileRef = 77C0D037212163DF00DFFFF8 /* KeepLineRadarChartDataSet.swift */; };
		77C0D0C4212163E000DFFFF8 /* KeepBarLineScatterCandleBubbleChartData.swift in Sources */ = {isa = PBXBuildFile; fileRef = 77C0D038212163DF00DFFFF8 /* KeepBarLineScatterCandleBubbleChartData.swift */; };
		77C0D0C5212163E000DFFFF8 /* KeepBubbleChartDataEntry.swift in Sources */ = {isa = PBXBuildFile; fileRef = 77C0D039212163DF00DFFFF8 /* KeepBubbleChartDataEntry.swift */; };
		77C0D0C6212163E000DFFFF8 /* KeepChartDataEntryBase.swift in Sources */ = {isa = PBXBuildFile; fileRef = 77C0D03A212163DF00DFFFF8 /* KeepChartDataEntryBase.swift */; };
		77C0D0C7212163E000DFFFF8 /* KeepChartDataEntry.swift in Sources */ = {isa = PBXBuildFile; fileRef = 77C0D03B212163DF00DFFFF8 /* KeepChartDataEntry.swift */; };
		77C0D0C8212163E000DFFFF8 /* KeepPieChartDataSet.swift in Sources */ = {isa = PBXBuildFile; fileRef = 77C0D03C212163DF00DFFFF8 /* KeepPieChartDataSet.swift */; };
		77C0D0C9212163E000DFFFF8 /* KeepBubbleChartData.swift in Sources */ = {isa = PBXBuildFile; fileRef = 77C0D03D212163DF00DFFFF8 /* KeepBubbleChartData.swift */; };
		77C0D0CA212163E000DFFFF8 /* KeepChartDataSet.swift in Sources */ = {isa = PBXBuildFile; fileRef = 77C0D03E212163DF00DFFFF8 /* KeepChartDataSet.swift */; };
		77C0D0CB212163E000DFFFF8 /* KeepScatterChartDataSet.swift in Sources */ = {isa = PBXBuildFile; fileRef = 77C0D03F212163DF00DFFFF8 /* KeepScatterChartDataSet.swift */; };
		77C0D0CC212163E000DFFFF8 /* KeepScatterChartData.swift in Sources */ = {isa = PBXBuildFile; fileRef = 77C0D040212163DF00DFFFF8 /* KeepScatterChartData.swift */; };
		77C0D0CD212163E000DFFFF8 /* KeepPieChartData.swift in Sources */ = {isa = PBXBuildFile; fileRef = 77C0D041212163DF00DFFFF8 /* KeepPieChartData.swift */; };
		77C0D0CE212163E000DFFFF8 /* KeepCandleChartData.swift in Sources */ = {isa = PBXBuildFile; fileRef = 77C0D042212163DF00DFFFF8 /* KeepCandleChartData.swift */; };
		77C0D0CF212163E000DFFFF8 /* KeepLineChartDataSet.swift in Sources */ = {isa = PBXBuildFile; fileRef = 77C0D043212163DF00DFFFF8 /* KeepLineChartDataSet.swift */; };
		77C0D0D0212163E000DFFFF8 /* KeepBubbleChartDataSet.swift in Sources */ = {isa = PBXBuildFile; fileRef = 77C0D044212163DF00DFFFF8 /* KeepBubbleChartDataSet.swift */; };
		77C0D0D1212163E000DFFFF8 /* KeepRadarChartDataSet.swift in Sources */ = {isa = PBXBuildFile; fileRef = 77C0D045212163DF00DFFFF8 /* KeepRadarChartDataSet.swift */; };
		77C0D0D2212163E000DFFFF8 /* KeepBarChartData.swift in Sources */ = {isa = PBXBuildFile; fileRef = 77C0D046212163DF00DFFFF8 /* KeepBarChartData.swift */; };
		77C0D0D3212163E000DFFFF8 /* KeepLineScatterCandleRadarChartDataSet.swift in Sources */ = {isa = PBXBuildFile; fileRef = 77C0D047212163DF00DFFFF8 /* KeepLineScatterCandleRadarChartDataSet.swift */; };
		77C0D0D4212163E000DFFFF8 /* KeepChartBaseDataSet.swift in Sources */ = {isa = PBXBuildFile; fileRef = 77C0D048212163DF00DFFFF8 /* KeepChartBaseDataSet.swift */; };
		77C0D0D5212163E000DFFFF8 /* KeepIPieChartDataSet.swift in Sources */ = {isa = PBXBuildFile; fileRef = 77C0D04A212163DF00DFFFF8 /* KeepIPieChartDataSet.swift */; };
		77C0D0D6212163E000DFFFF8 /* KeepIScatterChartDataSet.swift in Sources */ = {isa = PBXBuildFile; fileRef = 77C0D04B212163DF00DFFFF8 /* KeepIScatterChartDataSet.swift */; };
		77C0D0D7212163E000DFFFF8 /* KeepILineChartDataSet.swift in Sources */ = {isa = PBXBuildFile; fileRef = 77C0D04C212163DF00DFFFF8 /* KeepILineChartDataSet.swift */; };
		77C0D0D8212163E000DFFFF8 /* KeepIRadarChartDataSet.swift in Sources */ = {isa = PBXBuildFile; fileRef = 77C0D04D212163DF00DFFFF8 /* KeepIRadarChartDataSet.swift */; };
		77C0D0D9212163E000DFFFF8 /* KeepIBarChartDataSet.swift in Sources */ = {isa = PBXBuildFile; fileRef = 77C0D04E212163DF00DFFFF8 /* KeepIBarChartDataSet.swift */; };
		77C0D0DA212163E000DFFFF8 /* KeepILineRadarChartDataSet.swift in Sources */ = {isa = PBXBuildFile; fileRef = 77C0D04F212163DF00DFFFF8 /* KeepILineRadarChartDataSet.swift */; };
		77C0D0DB212163E000DFFFF8 /* KeepIChartDataSet.swift in Sources */ = {isa = PBXBuildFile; fileRef = 77C0D050212163DF00DFFFF8 /* KeepIChartDataSet.swift */; };
		77C0D0DC212163E000DFFFF8 /* KeepICandleChartDataSet.swift in Sources */ = {isa = PBXBuildFile; fileRef = 77C0D051212163DF00DFFFF8 /* KeepICandleChartDataSet.swift */; };
		77C0D0DD212163E000DFFFF8 /* KeepILineScatterCandleRadarChartDataSet.swift in Sources */ = {isa = PBXBuildFile; fileRef = 77C0D052212163DF00DFFFF8 /* KeepILineScatterCandleRadarChartDataSet.swift */; };
		77C0D0DE212163E000DFFFF8 /* KeepIBubbleChartDataSet.swift in Sources */ = {isa = PBXBuildFile; fileRef = 77C0D053212163DF00DFFFF8 /* KeepIBubbleChartDataSet.swift */; };
		77C0D0DF212163E000DFFFF8 /* KeepIBarLineScatterCandleBubbleChartDataSet.swift in Sources */ = {isa = PBXBuildFile; fileRef = 77C0D054212163DF00DFFFF8 /* KeepIBarLineScatterCandleBubbleChartDataSet.swift */; };
		77C0D0E0212163E000DFFFF8 /* KeepBarChartDataProvider.swift in Sources */ = {isa = PBXBuildFile; fileRef = 77C0D056212163DF00DFFFF8 /* KeepBarChartDataProvider.swift */; };
		77C0D0E1212163E000DFFFF8 /* KeepChartDataProvider.swift in Sources */ = {isa = PBXBuildFile; fileRef = 77C0D057212163DF00DFFFF8 /* KeepChartDataProvider.swift */; };
		77C0D0E2212163E000DFFFF8 /* KeepCandleChartDataProvider.swift in Sources */ = {isa = PBXBuildFile; fileRef = 77C0D058212163DF00DFFFF8 /* KeepCandleChartDataProvider.swift */; };
		77C0D0E3212163E000DFFFF8 /* KeepCombinedChartDataProvider.swift in Sources */ = {isa = PBXBuildFile; fileRef = 77C0D059212163DF00DFFFF8 /* KeepCombinedChartDataProvider.swift */; };
		77C0D0E4212163E000DFFFF8 /* KeepLineChartDataProvider.swift in Sources */ = {isa = PBXBuildFile; fileRef = 77C0D05A212163DF00DFFFF8 /* KeepLineChartDataProvider.swift */; };
		77C0D0E5212163E000DFFFF8 /* KeepBarLineScatterCandleBubbleChartDataProvider.swift in Sources */ = {isa = PBXBuildFile; fileRef = 77C0D05B212163DF00DFFFF8 /* KeepBarLineScatterCandleBubbleChartDataProvider.swift */; };
		77C0D0E6212163E000DFFFF8 /* KeepScatterChartDataProvider.swift in Sources */ = {isa = PBXBuildFile; fileRef = 77C0D05C212163DF00DFFFF8 /* KeepScatterChartDataProvider.swift */; };
		77C0D0E7212163E000DFFFF8 /* KeepBubbleChartDataProvider.swift in Sources */ = {isa = PBXBuildFile; fileRef = 77C0D05D212163DF00DFFFF8 /* KeepBubbleChartDataProvider.swift */; };
		77C0D0E8212163E000DFFFF8 /* KeepCharts.h in Headers */ = {isa = PBXBuildFile; fileRef = 77C0D05F212163DF00DFFFF8 /* KeepCharts.h */; };
		77C0D0E9212163E000DFFFF8 /* Info.plist in Resources */ = {isa = PBXBuildFile; fileRef = 77C0D060212163DF00DFFFF8 /* Info.plist */; };
/* End PBXBuildFile section */

/* Begin PBXFileReference section */
		77C0CE972121631C00DFFFF8 /* KeepCharts.framework */ = {isa = PBXFileReference; explicitFileType = wrapper.framework; includeInIndex = 0; path = KeepCharts.framework; sourceTree = BUILT_PRODUCTS_DIR; };
		77C0CE9A2121631C00DFFFF8 /* KeepCharts.h */ = {isa = PBXFileReference; lastKnownFileType = sourcecode.c.h; path = KeepCharts.h; sourceTree = "<group>"; };
		77C0CE9B2121631C00DFFFF8 /* Info.plist */ = {isa = PBXFileReference; lastKnownFileType = text.plist.xml; path = Info.plist; sourceTree = "<group>"; };
		77C0CFC9212163DF00DFFFF8 /* KeepDataApproximator.swift */ = {isa = PBXFileReference; fileEncoding = 4; lastKnownFileType = sourcecode.swift; path = KeepDataApproximator.swift; sourceTree = "<group>"; };
		77C0CFCA212163DF00DFFFF8 /* KeepDataApproximator+N.swift */ = {isa = PBXFileReference; fileEncoding = 4; lastKnownFileType = sourcecode.swift; path = "KeepDataApproximator+N.swift"; sourceTree = "<group>"; };
		77C0CFCC212163DF00DFFFF8 /* KeepRadarChartRenderer.swift */ = {isa = PBXFileReference; fileEncoding = 4; lastKnownFileType = sourcecode.swift; path = KeepRadarChartRenderer.swift; sourceTree = "<group>"; };
		77C0CFCD212163DF00DFFFF8 /* KeepLegendRenderer.swift */ = {isa = PBXFileReference; fileEncoding = 4; lastKnownFileType = sourcecode.swift; path = KeepLegendRenderer.swift; sourceTree = "<group>"; };
		77C0CFCE212163DF00DFFFF8 /* KeepYAxisRendererHorizontalBarChart.swift */ = {isa = PBXFileReference; fileEncoding = 4; lastKnownFileType = sourcecode.swift; path = KeepYAxisRendererHorizontalBarChart.swift; sourceTree = "<group>"; };
		77C0CFCF212163DF00DFFFF8 /* KeepBubbleChartRenderer.swift */ = {isa = PBXFileReference; fileEncoding = 4; lastKnownFileType = sourcecode.swift; path = KeepBubbleChartRenderer.swift; sourceTree = "<group>"; };
		77C0CFD0212163DF00DFFFF8 /* KeepLineChartRenderer.swift */ = {isa = PBXFileReference; fileEncoding = 4; lastKnownFileType = sourcecode.swift; path = KeepLineChartRenderer.swift; sourceTree = "<group>"; };
		77C0CFD1212163DF00DFFFF8 /* KeepAxisRendererBase.swift */ = {isa = PBXFileReference; fileEncoding = 4; lastKnownFileType = sourcecode.swift; path = KeepAxisRendererBase.swift; sourceTree = "<group>"; };
		77C0CFD2212163DF00DFFFF8 /* KeepChartDataRendererBase.swift */ = {isa = PBXFileReference; fileEncoding = 4; lastKnownFileType = sourcecode.swift; path = KeepChartDataRendererBase.swift; sourceTree = "<group>"; };
		77C0CFD3212163DF00DFFFF8 /* KeepYAxisRenderer.swift */ = {isa = PBXFileReference; fileEncoding = 4; lastKnownFileType = sourcecode.swift; path = KeepYAxisRenderer.swift; sourceTree = "<group>"; };
		77C0CFD4212163DF00DFFFF8 /* KeepScatterChartRenderer.swift */ = {isa = PBXFileReference; fileEncoding = 4; lastKnownFileType = sourcecode.swift; path = KeepScatterChartRenderer.swift; sourceTree = "<group>"; };
		77C0CFD5212163DF00DFFFF8 /* KeepCombinedChartRenderer.swift */ = {isa = PBXFileReference; fileEncoding = 4; lastKnownFileType = sourcecode.swift; path = KeepCombinedChartRenderer.swift; sourceTree = "<group>"; };
		77C0CFD6212163DF00DFFFF8 /* KeepCandleStickChartRenderer.swift */ = {isa = PBXFileReference; fileEncoding = 4; lastKnownFileType = sourcecode.swift; path = KeepCandleStickChartRenderer.swift; sourceTree = "<group>"; };
		77C0CFD7212163DF00DFFFF8 /* KeepBarChartRenderer.swift */ = {isa = PBXFileReference; fileEncoding = 4; lastKnownFileType = sourcecode.swift; path = KeepBarChartRenderer.swift; sourceTree = "<group>"; };
		77C0CFD8212163DF00DFFFF8 /* KeepXAxisRenderer.swift */ = {isa = PBXFileReference; fileEncoding = 4; lastKnownFileType = sourcecode.swift; path = KeepXAxisRenderer.swift; sourceTree = "<group>"; };
		77C0CFD9212163DF00DFFFF8 /* KeepLineRadarRenderer.swift */ = {isa = PBXFileReference; fileEncoding = 4; lastKnownFileType = sourcecode.swift; path = KeepLineRadarRenderer.swift; sourceTree = "<group>"; };
		77C0CFDA212163DF00DFFFF8 /* KeepBarLineScatterCandleBubbleRenderer.swift */ = {isa = PBXFileReference; fileEncoding = 4; lastKnownFileType = sourcecode.swift; path = KeepBarLineScatterCandleBubbleRenderer.swift; sourceTree = "<group>"; };
		77C0CFDC212163DF00DFFFF8 /* KeepXShapeRenderer.swift */ = {isa = PBXFileReference; fileEncoding = 4; lastKnownFileType = sourcecode.swift; path = KeepXShapeRenderer.swift; sourceTree = "<group>"; };
		77C0CFDD212163DF00DFFFF8 /* KeepSquareShapeRenderer.swift */ = {isa = PBXFileReference; fileEncoding = 4; lastKnownFileType = sourcecode.swift; path = KeepSquareShapeRenderer.swift; sourceTree = "<group>"; };
		77C0CFDE212163DF00DFFFF8 /* KeepChevronDownShapeRenderer.swift */ = {isa = PBXFileReference; fileEncoding = 4; lastKnownFileType = sourcecode.swift; path = KeepChevronDownShapeRenderer.swift; sourceTree = "<group>"; };
		77C0CFDF212163DF00DFFFF8 /* KeepIShapeRenderer.swift */ = {isa = PBXFileReference; fileEncoding = 4; lastKnownFileType = sourcecode.swift; path = KeepIShapeRenderer.swift; sourceTree = "<group>"; };
		77C0CFE0212163DF00DFFFF8 /* KeepCircleShapeRenderer.swift */ = {isa = PBXFileReference; fileEncoding = 4; lastKnownFileType = sourcecode.swift; path = KeepCircleShapeRenderer.swift; sourceTree = "<group>"; };
		77C0CFE1212163DF00DFFFF8 /* KeepCrossShapeRenderer.swift */ = {isa = PBXFileReference; fileEncoding = 4; lastKnownFileType = sourcecode.swift; path = KeepCrossShapeRenderer.swift; sourceTree = "<group>"; };
		77C0CFE2212163DF00DFFFF8 /* KeepTriangleShapeRenderer.swift */ = {isa = PBXFileReference; fileEncoding = 4; lastKnownFileType = sourcecode.swift; path = KeepTriangleShapeRenderer.swift; sourceTree = "<group>"; };
		77C0CFE3212163DF00DFFFF8 /* KeepChevronUpShapeRenderer.swift */ = {isa = PBXFileReference; fileEncoding = 4; lastKnownFileType = sourcecode.swift; path = KeepChevronUpShapeRenderer.swift; sourceTree = "<group>"; };
		77C0CFE4212163DF00DFFFF8 /* KeepXAxisRendererHorizontalBarChart.swift */ = {isa = PBXFileReference; fileEncoding = 4; lastKnownFileType = sourcecode.swift; path = KeepXAxisRendererHorizontalBarChart.swift; sourceTree = "<group>"; };
		77C0CFE5212163DF00DFFFF8 /* KeepHorizontalBarChartRenderer.swift */ = {isa = PBXFileReference; fileEncoding = 4; lastKnownFileType = sourcecode.swift; path = KeepHorizontalBarChartRenderer.swift; sourceTree = "<group>"; };
		77C0CFE6212163DF00DFFFF8 /* KeepXAxisRendererRadarChart.swift */ = {isa = PBXFileReference; fileEncoding = 4; lastKnownFileType = sourcecode.swift; path = KeepXAxisRendererRadarChart.swift; sourceTree = "<group>"; };
		77C0CFE7212163DF00DFFFF8 /* KeepYAxisRendererRadarChart.swift */ = {isa = PBXFileReference; fileEncoding = 4; lastKnownFileType = sourcecode.swift; path = KeepYAxisRendererRadarChart.swift; sourceTree = "<group>"; };
		77C0CFE8212163DF00DFFFF8 /* KeepPieChartRenderer.swift */ = {isa = PBXFileReference; fileEncoding = 4; lastKnownFileType = sourcecode.swift; path = KeepPieChartRenderer.swift; sourceTree = "<group>"; };
		77C0CFE9212163DF00DFFFF8 /* KeepRenderer.swift */ = {isa = PBXFileReference; fileEncoding = 4; lastKnownFileType = sourcecode.swift; path = KeepRenderer.swift; sourceTree = "<group>"; };
		77C0CFEA212163DF00DFFFF8 /* KeepLineScatterCandleRadarRenderer.swift */ = {isa = PBXFileReference; fileEncoding = 4; lastKnownFileType = sourcecode.swift; path = KeepLineScatterCandleRadarRenderer.swift; sourceTree = "<group>"; };
		77C0CFEC212163DF00DFFFF8 /* KeepBarHighlighter.swift */ = {isa = PBXFileReference; fileEncoding = 4; lastKnownFileType = sourcecode.swift; path = KeepBarHighlighter.swift; sourceTree = "<group>"; };
		77C0CFED212163DF00DFFFF8 /* KeepRadarHighlighter.swift */ = {isa = PBXFileReference; fileEncoding = 4; lastKnownFileType = sourcecode.swift; path = KeepRadarHighlighter.swift; sourceTree = "<group>"; };
		77C0CFEE212163DF00DFFFF8 /* KeepHighlight.swift */ = {isa = PBXFileReference; fileEncoding = 4; lastKnownFileType = sourcecode.swift; path = KeepHighlight.swift; sourceTree = "<group>"; };
		77C0CFEF212163DF00DFFFF8 /* KeepPieHighlighter.swift */ = {isa = PBXFileReference; fileEncoding = 4; lastKnownFileType = sourcecode.swift; path = KeepPieHighlighter.swift; sourceTree = "<group>"; };
		77C0CFF0212163DF00DFFFF8 /* KeepHorizontalBarHighlighter.swift */ = {isa = PBXFileReference; fileEncoding = 4; lastKnownFileType = sourcecode.swift; path = KeepHorizontalBarHighlighter.swift; sourceTree = "<group>"; };
		77C0CFF1212163DF00DFFFF8 /* KeepPieRadarHighlighter.swift */ = {isa = PBXFileReference; fileEncoding = 4; lastKnownFileType = sourcecode.swift; path = KeepPieRadarHighlighter.swift; sourceTree = "<group>"; };
		77C0CFF2212163DF00DFFFF8 /* KeepRange.swift */ = {isa = PBXFileReference; fileEncoding = 4; lastKnownFileType = sourcecode.swift; path = KeepRange.swift; sourceTree = "<group>"; };
		77C0CFF3212163DF00DFFFF8 /* KeepChartHighlighter.swift */ = {isa = PBXFileReference; fileEncoding = 4; lastKnownFileType = sourcecode.swift; path = KeepChartHighlighter.swift; sourceTree = "<group>"; };
		77C0CFF4212163DF00DFFFF8 /* KeepIHighlighter.swift */ = {isa = PBXFileReference; fileEncoding = 4; lastKnownFileType = sourcecode.swift; path = KeepIHighlighter.swift; sourceTree = "<group>"; };
		77C0CFF5212163DF00DFFFF8 /* KeepCombinedHighlighter.swift */ = {isa = PBXFileReference; fileEncoding = 4; lastKnownFileType = sourcecode.swift; path = KeepCombinedHighlighter.swift; sourceTree = "<group>"; };
		77C0CFF7212163DF00DFFFF8 /* KeepCandleStickChartView.swift */ = {isa = PBXFileReference; fileEncoding = 4; lastKnownFileType = sourcecode.swift; path = KeepCandleStickChartView.swift; sourceTree = "<group>"; };
		77C0CFF8212163DF00DFFFF8 /* KeepRadarChartView.swift */ = {isa = PBXFileReference; fileEncoding = 4; lastKnownFileType = sourcecode.swift; path = KeepRadarChartView.swift; sourceTree = "<group>"; };
		77C0CFF9212163DF00DFFFF8 /* KeepBarLineChartViewBase.swift */ = {isa = PBXFileReference; fileEncoding = 4; lastKnownFileType = sourcecode.swift; path = KeepBarLineChartViewBase.swift; sourceTree = "<group>"; };
		77C0CFFA212163DF00DFFFF8 /* KeepLineChartView.swift */ = {isa = PBXFileReference; fileEncoding = 4; lastKnownFileType = sourcecode.swift; path = KeepLineChartView.swift; sourceTree = "<group>"; };
		77C0CFFB212163DF00DFFFF8 /* KeepCombinedChartView.swift */ = {isa = PBXFileReference; fileEncoding = 4; lastKnownFileType = sourcecode.swift; path = KeepCombinedChartView.swift; sourceTree = "<group>"; };
		77C0CFFC212163DF00DFFFF8 /* KeepHorizontalBarChartView.swift */ = {isa = PBXFileReference; fileEncoding = 4; lastKnownFileType = sourcecode.swift; path = KeepHorizontalBarChartView.swift; sourceTree = "<group>"; };
		77C0CFFD212163DF00DFFFF8 /* KeepChartViewBase.swift */ = {isa = PBXFileReference; fileEncoding = 4; lastKnownFileType = sourcecode.swift; path = KeepChartViewBase.swift; sourceTree = "<group>"; };
		77C0CFFE212163DF00DFFFF8 /* KeepBubbleChartView.swift */ = {isa = PBXFileReference; fileEncoding = 4; lastKnownFileType = sourcecode.swift; path = KeepBubbleChartView.swift; sourceTree = "<group>"; };
		77C0CFFF212163DF00DFFFF8 /* KeepPieRadarChartViewBase.swift */ = {isa = PBXFileReference; fileEncoding = 4; lastKnownFileType = sourcecode.swift; path = KeepPieRadarChartViewBase.swift; sourceTree = "<group>"; };
		77C0D000212163DF00DFFFF8 /* KeepBarChartView.swift */ = {isa = PBXFileReference; fileEncoding = 4; lastKnownFileType = sourcecode.swift; path = KeepBarChartView.swift; sourceTree = "<group>"; };
		77C0D001212163DF00DFFFF8 /* KeepScatterChartView.swift */ = {isa = PBXFileReference; fileEncoding = 4; lastKnownFileType = sourcecode.swift; path = KeepScatterChartView.swift; sourceTree = "<group>"; };
		77C0D002212163DF00DFFFF8 /* KeepPieChartView.swift */ = {isa = PBXFileReference; fileEncoding = 4; lastKnownFileType = sourcecode.swift; path = KeepPieChartView.swift; sourceTree = "<group>"; };
		77C0D004212163DF00DFFFF8 /* KeepChartAnimationEasing.swift */ = {isa = PBXFileReference; fileEncoding = 4; lastKnownFileType = sourcecode.swift; path = KeepChartAnimationEasing.swift; sourceTree = "<group>"; };
		77C0D005212163DF00DFFFF8 /* KeepAnimator.swift */ = {isa = PBXFileReference; fileEncoding = 4; lastKnownFileType = sourcecode.swift; path = KeepAnimator.swift; sourceTree = "<group>"; };
		77C0D007212163DF00DFFFF8 /* KeepIAxisValueFormatter.swift */ = {isa = PBXFileReference; fileEncoding = 4; lastKnownFileType = sourcecode.swift; path = KeepIAxisValueFormatter.swift; sourceTree = "<group>"; };
		77C0D008212163DF00DFFFF8 /* KeepDefaultFillFormatter.swift */ = {isa = PBXFileReference; fileEncoding = 4; lastKnownFileType = sourcecode.swift; path = KeepDefaultFillFormatter.swift; sourceTree = "<group>"; };
		77C0D009212163DF00DFFFF8 /* KeepDefaultValueFormatter.swift */ = {isa = PBXFileReference; fileEncoding = 4; lastKnownFileType = sourcecode.swift; path = KeepDefaultValueFormatter.swift; sourceTree = "<group>"; };
		77C0D00A212163DF00DFFFF8 /* KeepDefaultAxisValueFormatter.swift */ = {isa = PBXFileReference; fileEncoding = 4; lastKnownFileType = sourcecode.swift; path = KeepDefaultAxisValueFormatter.swift; sourceTree = "<group>"; };
		77C0D00B212163DF00DFFFF8 /* KeepIndexAxisValueFormatter.swift */ = {isa = PBXFileReference; fileEncoding = 4; lastKnownFileType = sourcecode.swift; path = KeepIndexAxisValueFormatter.swift; sourceTree = "<group>"; };
		77C0D00C212163DF00DFFFF8 /* KeepIFillFormatter.swift */ = {isa = PBXFileReference; fileEncoding = 4; lastKnownFileType = sourcecode.swift; path = KeepIFillFormatter.swift; sourceTree = "<group>"; };
		77C0D00D212163DF00DFFFF8 /* KeepIValueFormatter.swift */ = {isa = PBXFileReference; fileEncoding = 4; lastKnownFileType = sourcecode.swift; path = KeepIValueFormatter.swift; sourceTree = "<group>"; };
		77C0D00F212163DF00DFFFF8 /* KeepFill.swift */ = {isa = PBXFileReference; fileEncoding = 4; lastKnownFileType = sourcecode.swift; path = KeepFill.swift; sourceTree = "<group>"; };
		77C0D010212163DF00DFFFF8 /* KeepTransformer.swift */ = {isa = PBXFileReference; fileEncoding = 4; lastKnownFileType = sourcecode.swift; path = KeepTransformer.swift; sourceTree = "<group>"; };
		77C0D011212163DF00DFFFF8 /* KeepViewPortHandler.swift */ = {isa = PBXFileReference; fileEncoding = 4; lastKnownFileType = sourcecode.swift; path = KeepViewPortHandler.swift; sourceTree = "<group>"; };
		77C0D012212163DF00DFFFF8 /* Platform.swift */ = {isa = PBXFileReference; fileEncoding = 4; lastKnownFileType = sourcecode.swift; path = Platform.swift; sourceTree = "<group>"; };
		77C0D013212163DF00DFFFF8 /* KeepChartColorTemplates.swift */ = {isa = PBXFileReference; fileEncoding = 4; lastKnownFileType = sourcecode.swift; path = KeepChartColorTemplates.swift; sourceTree = "<group>"; };
		77C0D014212163DF00DFFFF8 /* KeepTransformerHorizontalBarChart.swift */ = {isa = PBXFileReference; fileEncoding = 4; lastKnownFileType = sourcecode.swift; path = KeepTransformerHorizontalBarChart.swift; sourceTree = "<group>"; };
		77C0D015212163DF00DFFFF8 /* KeepChartUtils.swift */ = {isa = PBXFileReference; fileEncoding = 4; lastKnownFileType = sourcecode.swift; path = KeepChartUtils.swift; sourceTree = "<group>"; };
		77C0D017212163DF00DFFFF8 /* KeepDescription.swift */ = {isa = PBXFileReference; fileEncoding = 4; lastKnownFileType = sourcecode.swift; path = KeepDescription.swift; sourceTree = "<group>"; };
		77C0D018212163DF00DFFFF8 /* KeepIMarker.swift */ = {isa = PBXFileReference; fileEncoding = 4; lastKnownFileType = sourcecode.swift; path = KeepIMarker.swift; sourceTree = "<group>"; };
		77C0D019212163DF00DFFFF8 /* KeepMarkerImage.swift */ = {isa = PBXFileReference; fileEncoding = 4; lastKnownFileType = sourcecode.swift; path = KeepMarkerImage.swift; sourceTree = "<group>"; };
		77C0D01A212163DF00DFFFF8 /* KeepLegend.swift */ = {isa = PBXFileReference; fileEncoding = 4; lastKnownFileType = sourcecode.swift; path = KeepLegend.swift; sourceTree = "<group>"; };
		77C0D01B212163DF00DFFFF8 /* KeepLegendEntry.swift */ = {isa = PBXFileReference; fileEncoding = 4; lastKnownFileType = sourcecode.swift; path = KeepLegendEntry.swift; sourceTree = "<group>"; };
		77C0D01C212163DF00DFFFF8 /* KeepYAxis.swift */ = {isa = PBXFileReference; fileEncoding = 4; lastKnownFileType = sourcecode.swift; path = KeepYAxis.swift; sourceTree = "<group>"; };
		77C0D01D212163DF00DFFFF8 /* KeepAxisBase.swift */ = {isa = PBXFileReference; fileEncoding = 4; lastKnownFileType = sourcecode.swift; path = KeepAxisBase.swift; sourceTree = "<group>"; };
		77C0D01E212163DF00DFFFF8 /* KeepXAxis.swift */ = {isa = PBXFileReference; fileEncoding = 4; lastKnownFileType = sourcecode.swift; path = KeepXAxis.swift; sourceTree = "<group>"; };
		77C0D01F212163DF00DFFFF8 /* KeepChartLimitLine.swift */ = {isa = PBXFileReference; fileEncoding = 4; lastKnownFileType = sourcecode.swift; path = KeepChartLimitLine.swift; sourceTree = "<group>"; };
		77C0D020212163DF00DFFFF8 /* KeepMarkerView.swift */ = {isa = PBXFileReference; fileEncoding = 4; lastKnownFileType = sourcecode.swift; path = KeepMarkerView.swift; sourceTree = "<group>"; };
		77C0D021212163DF00DFFFF8 /* KeepComponentBase.swift */ = {isa = PBXFileReference; fileEncoding = 4; lastKnownFileType = sourcecode.swift; path = KeepComponentBase.swift; sourceTree = "<group>"; };
		77C0D023212163DF00DFFFF8 /* KeepAnimatedZoomViewJob.swift */ = {isa = PBXFileReference; fileEncoding = 4; lastKnownFileType = sourcecode.swift; path = KeepAnimatedZoomViewJob.swift; sourceTree = "<group>"; };
		77C0D024212163DF00DFFFF8 /* KeepViewPortJob.swift */ = {isa = PBXFileReference; fileEncoding = 4; lastKnownFileType = sourcecode.swift; path = KeepViewPortJob.swift; sourceTree = "<group>"; };
		77C0D025212163DF00DFFFF8 /* KeepMoveViewJob.swift */ = {isa = PBXFileReference; fileEncoding = 4; lastKnownFileType = sourcecode.swift; path = KeepMoveViewJob.swift; sourceTree = "<group>"; };
		77C0D026212163DF00DFFFF8 /* KeepZoomViewJob.swift */ = {isa = PBXFileReference; fileEncoding = 4; lastKnownFileType = sourcecode.swift; path = KeepZoomViewJob.swift; sourceTree = "<group>"; };
		77C0D027212163DF00DFFFF8 /* KeepAnimatedViewPortJob.swift */ = {isa = PBXFileReference; fileEncoding = 4; lastKnownFileType = sourcecode.swift; path = KeepAnimatedViewPortJob.swift; sourceTree = "<group>"; };
		77C0D028212163DF00DFFFF8 /* KeepAnimatedMoveViewJob.swift */ = {isa = PBXFileReference; fileEncoding = 4; lastKnownFileType = sourcecode.swift; path = KeepAnimatedMoveViewJob.swift; sourceTree = "<group>"; };
		77C0D02C212163DF00DFFFF8 /* KeepChartData.swift */ = {isa = PBXFileReference; fileEncoding = 4; lastKnownFileType = sourcecode.swift; path = KeepChartData.swift; sourceTree = "<group>"; };
		77C0D02D212163DF00DFFFF8 /* KeepBarChartDataEntry.swift */ = {isa = PBXFileReference; fileEncoding = 4; lastKnownFileType = sourcecode.swift; path = KeepBarChartDataEntry.swift; sourceTree = "<group>"; };
		77C0D02E212163DF00DFFFF8 /* KeepBarChartDataSet.swift */ = {isa = PBXFileReference; fileEncoding = 4; lastKnownFileType = sourcecode.swift; path = KeepBarChartDataSet.swift; sourceTree = "<group>"; };
		77C0D02F212163DF00DFFFF8 /* KeepRadarChartDataEntry.swift */ = {isa = PBXFileReference; fileEncoding = 4; lastKnownFileType = sourcecode.swift; path = KeepRadarChartDataEntry.swift; sourceTree = "<group>"; };
		77C0D030212163DF00DFFFF8 /* KeepBarLineScatterCandleBubbleChartDataSet.swift */ = {isa = PBXFileReference; fileEncoding = 4; lastKnownFileType = sourcecode.swift; path = KeepBarLineScatterCandleBubbleChartDataSet.swift; sourceTree = "<group>"; };
		77C0D031212163DF00DFFFF8 /* KeepPieChartDataEntry.swift */ = {isa = PBXFileReference; fileEncoding = 4; lastKnownFileType = sourcecode.swift; path = KeepPieChartDataEntry.swift; sourceTree = "<group>"; };
		77C0D032212163DF00DFFFF8 /* KeepCandleChartDataEntry.swift */ = {isa = PBXFileReference; fileEncoding = 4; lastKnownFileType = sourcecode.swift; path = KeepCandleChartDataEntry.swift; sourceTree = "<group>"; };
		77C0D033212163DF00DFFFF8 /* KeepCombinedChartData.swift */ = {isa = PBXFileReference; fileEncoding = 4; lastKnownFileType = sourcecode.swift; path = KeepCombinedChartData.swift; sourceTree = "<group>"; };
		77C0D034212163DF00DFFFF8 /* KeepLineChartData.swift */ = {isa = PBXFileReference; fileEncoding = 4; lastKnownFileType = sourcecode.swift; path = KeepLineChartData.swift; sourceTree = "<group>"; };
		77C0D035212163DF00DFFFF8 /* KeepRadarChartData.swift */ = {isa = PBXFileReference; fileEncoding = 4; lastKnownFileType = sourcecode.swift; path = KeepRadarChartData.swift; sourceTree = "<group>"; };
		77C0D036212163DF00DFFFF8 /* KeepCandleChartDataSet.swift */ = {isa = PBXFileReference; fileEncoding = 4; lastKnownFileType = sourcecode.swift; path = KeepCandleChartDataSet.swift; sourceTree = "<group>"; };
		77C0D037212163DF00DFFFF8 /* KeepLineRadarChartDataSet.swift */ = {isa = PBXFileReference; fileEncoding = 4; lastKnownFileType = sourcecode.swift; path = KeepLineRadarChartDataSet.swift; sourceTree = "<group>"; };
		77C0D038212163DF00DFFFF8 /* KeepBarLineScatterCandleBubbleChartData.swift */ = {isa = PBXFileReference; fileEncoding = 4; lastKnownFileType = sourcecode.swift; path = KeepBarLineScatterCandleBubbleChartData.swift; sourceTree = "<group>"; };
		77C0D039212163DF00DFFFF8 /* KeepBubbleChartDataEntry.swift */ = {isa = PBXFileReference; fileEncoding = 4; lastKnownFileType = sourcecode.swift; path = KeepBubbleChartDataEntry.swift; sourceTree = "<group>"; };
		77C0D03A212163DF00DFFFF8 /* KeepChartDataEntryBase.swift */ = {isa = PBXFileReference; fileEncoding = 4; lastKnownFileType = sourcecode.swift; path = KeepChartDataEntryBase.swift; sourceTree = "<group>"; };
		77C0D03B212163DF00DFFFF8 /* KeepChartDataEntry.swift */ = {isa = PBXFileReference; fileEncoding = 4; lastKnownFileType = sourcecode.swift; path = KeepChartDataEntry.swift; sourceTree = "<group>"; };
		77C0D03C212163DF00DFFFF8 /* KeepPieChartDataSet.swift */ = {isa = PBXFileReference; fileEncoding = 4; lastKnownFileType = sourcecode.swift; path = KeepPieChartDataSet.swift; sourceTree = "<group>"; };
		77C0D03D212163DF00DFFFF8 /* KeepBubbleChartData.swift */ = {isa = PBXFileReference; fileEncoding = 4; lastKnownFileType = sourcecode.swift; path = KeepBubbleChartData.swift; sourceTree = "<group>"; };
		77C0D03E212163DF00DFFFF8 /* KeepChartDataSet.swift */ = {isa = PBXFileReference; fileEncoding = 4; lastKnownFileType = sourcecode.swift; path = KeepChartDataSet.swift; sourceTree = "<group>"; };
		77C0D03F212163DF00DFFFF8 /* KeepScatterChartDataSet.swift */ = {isa = PBXFileReference; fileEncoding = 4; lastKnownFileType = sourcecode.swift; path = KeepScatterChartDataSet.swift; sourceTree = "<group>"; };
		77C0D040212163DF00DFFFF8 /* KeepScatterChartData.swift */ = {isa = PBXFileReference; fileEncoding = 4; lastKnownFileType = sourcecode.swift; path = KeepScatterChartData.swift; sourceTree = "<group>"; };
		77C0D041212163DF00DFFFF8 /* KeepPieChartData.swift */ = {isa = PBXFileReference; fileEncoding = 4; lastKnownFileType = sourcecode.swift; path = KeepPieChartData.swift; sourceTree = "<group>"; };
		77C0D042212163DF00DFFFF8 /* KeepCandleChartData.swift */ = {isa = PBXFileReference; fileEncoding = 4; lastKnownFileType = sourcecode.swift; path = KeepCandleChartData.swift; sourceTree = "<group>"; };
		77C0D043212163DF00DFFFF8 /* KeepLineChartDataSet.swift */ = {isa = PBXFileReference; fileEncoding = 4; lastKnownFileType = sourcecode.swift; path = KeepLineChartDataSet.swift; sourceTree = "<group>"; };
		77C0D044212163DF00DFFFF8 /* KeepBubbleChartDataSet.swift */ = {isa = PBXFileReference; fileEncoding = 4; lastKnownFileType = sourcecode.swift; path = KeepBubbleChartDataSet.swift; sourceTree = "<group>"; };
		77C0D045212163DF00DFFFF8 /* KeepRadarChartDataSet.swift */ = {isa = PBXFileReference; fileEncoding = 4; lastKnownFileType = sourcecode.swift; path = KeepRadarChartDataSet.swift; sourceTree = "<group>"; };
		77C0D046212163DF00DFFFF8 /* KeepBarChartData.swift */ = {isa = PBXFileReference; fileEncoding = 4; lastKnownFileType = sourcecode.swift; path = KeepBarChartData.swift; sourceTree = "<group>"; };
		77C0D047212163DF00DFFFF8 /* KeepLineScatterCandleRadarChartDataSet.swift */ = {isa = PBXFileReference; fileEncoding = 4; lastKnownFileType = sourcecode.swift; path = KeepLineScatterCandleRadarChartDataSet.swift; sourceTree = "<group>"; };
		77C0D048212163DF00DFFFF8 /* KeepChartBaseDataSet.swift */ = {isa = PBXFileReference; fileEncoding = 4; lastKnownFileType = sourcecode.swift; path = KeepChartBaseDataSet.swift; sourceTree = "<group>"; };
		77C0D04A212163DF00DFFFF8 /* KeepIPieChartDataSet.swift */ = {isa = PBXFileReference; fileEncoding = 4; lastKnownFileType = sourcecode.swift; path = KeepIPieChartDataSet.swift; sourceTree = "<group>"; };
		77C0D04B212163DF00DFFFF8 /* KeepIScatterChartDataSet.swift */ = {isa = PBXFileReference; fileEncoding = 4; lastKnownFileType = sourcecode.swift; path = KeepIScatterChartDataSet.swift; sourceTree = "<group>"; };
		77C0D04C212163DF00DFFFF8 /* KeepILineChartDataSet.swift */ = {isa = PBXFileReference; fileEncoding = 4; lastKnownFileType = sourcecode.swift; path = KeepILineChartDataSet.swift; sourceTree = "<group>"; };
		77C0D04D212163DF00DFFFF8 /* KeepIRadarChartDataSet.swift */ = {isa = PBXFileReference; fileEncoding = 4; lastKnownFileType = sourcecode.swift; path = KeepIRadarChartDataSet.swift; sourceTree = "<group>"; };
		77C0D04E212163DF00DFFFF8 /* KeepIBarChartDataSet.swift */ = {isa = PBXFileReference; fileEncoding = 4; lastKnownFileType = sourcecode.swift; path = KeepIBarChartDataSet.swift; sourceTree = "<group>"; };
		77C0D04F212163DF00DFFFF8 /* KeepILineRadarChartDataSet.swift */ = {isa = PBXFileReference; fileEncoding = 4; lastKnownFileType = sourcecode.swift; path = KeepILineRadarChartDataSet.swift; sourceTree = "<group>"; };
		77C0D050212163DF00DFFFF8 /* KeepIChartDataSet.swift */ = {isa = PBXFileReference; fileEncoding = 4; lastKnownFileType = sourcecode.swift; path = KeepIChartDataSet.swift; sourceTree = "<group>"; };
		77C0D051212163DF00DFFFF8 /* KeepICandleChartDataSet.swift */ = {isa = PBXFileReference; fileEncoding = 4; lastKnownFileType = sourcecode.swift; path = KeepICandleChartDataSet.swift; sourceTree = "<group>"; };
		77C0D052212163DF00DFFFF8 /* KeepILineScatterCandleRadarChartDataSet.swift */ = {isa = PBXFileReference; fileEncoding = 4; lastKnownFileType = sourcecode.swift; path = KeepILineScatterCandleRadarChartDataSet.swift; sourceTree = "<group>"; };
		77C0D053212163DF00DFFFF8 /* KeepIBubbleChartDataSet.swift */ = {isa = PBXFileReference; fileEncoding = 4; lastKnownFileType = sourcecode.swift; path = KeepIBubbleChartDataSet.swift; sourceTree = "<group>"; };
		77C0D054212163DF00DFFFF8 /* KeepIBarLineScatterCandleBubbleChartDataSet.swift */ = {isa = PBXFileReference; fileEncoding = 4; lastKnownFileType = sourcecode.swift; path = KeepIBarLineScatterCandleBubbleChartDataSet.swift; sourceTree = "<group>"; };
		77C0D056212163DF00DFFFF8 /* KeepBarChartDataProvider.swift */ = {isa = PBXFileReference; fileEncoding = 4; lastKnownFileType = sourcecode.swift; path = KeepBarChartDataProvider.swift; sourceTree = "<group>"; };
		77C0D057212163DF00DFFFF8 /* KeepChartDataProvider.swift */ = {isa = PBXFileReference; fileEncoding = 4; lastKnownFileType = sourcecode.swift; path = KeepChartDataProvider.swift; sourceTree = "<group>"; };
		77C0D058212163DF00DFFFF8 /* KeepCandleChartDataProvider.swift */ = {isa = PBXFileReference; fileEncoding = 4; lastKnownFileType = sourcecode.swift; path = KeepCandleChartDataProvider.swift; sourceTree = "<group>"; };
		77C0D059212163DF00DFFFF8 /* KeepCombinedChartDataProvider.swift */ = {isa = PBXFileReference; fileEncoding = 4; lastKnownFileType = sourcecode.swift; path = KeepCombinedChartDataProvider.swift; sourceTree = "<group>"; };
		77C0D05A212163DF00DFFFF8 /* KeepLineChartDataProvider.swift */ = {isa = PBXFileReference; fileEncoding = 4; lastKnownFileType = sourcecode.swift; path = KeepLineChartDataProvider.swift; sourceTree = "<group>"; };
		77C0D05B212163DF00DFFFF8 /* KeepBarLineScatterCandleBubbleChartDataProvider.swift */ = {isa = PBXFileReference; fileEncoding = 4; lastKnownFileType = sourcecode.swift; path = KeepBarLineScatterCandleBubbleChartDataProvider.swift; sourceTree = "<group>"; };
		77C0D05C212163DF00DFFFF8 /* KeepScatterChartDataProvider.swift */ = {isa = PBXFileReference; fileEncoding = 4; lastKnownFileType = sourcecode.swift; path = KeepScatterChartDataProvider.swift; sourceTree = "<group>"; };
		77C0D05D212163DF00DFFFF8 /* KeepBubbleChartDataProvider.swift */ = {isa = PBXFileReference; fileEncoding = 4; lastKnownFileType = sourcecode.swift; path = KeepBubbleChartDataProvider.swift; sourceTree = "<group>"; };
		77C0D05F212163DF00DFFFF8 /* KeepCharts.h */ = {isa = PBXFileReference; fileEncoding = 4; lastKnownFileType = sourcecode.c.h; path = KeepCharts.h; sourceTree = "<group>"; };
		77C0D060212163DF00DFFFF8 /* Info.plist */ = {isa = PBXFileReference; fileEncoding = 4; lastKnownFileType = text.plist.xml; path = Info.plist; sourceTree = "<group>"; };
/* End PBXFileReference section */

/* Begin PBXFrameworksBuildPhase section */
		77C0CE932121631C00DFFFF8 /* Frameworks */ = {
			isa = PBXFrameworksBuildPhase;
			buildActionMask = 2147483647;
			files = (
			);
			runOnlyForDeploymentPostprocessing = 0;
		};
/* End PBXFrameworksBuildPhase section */

/* Begin PBXGroup section */
		77C0CE8D2121631C00DFFFF8 = {
			isa = PBXGroup;
			children = (
				77C0CFC6212163DF00DFFFF8 /* Source */,
				77C0CE992121631C00DFFFF8 /* KeepCharts */,
				77C0CE982121631C00DFFFF8 /* Products */,
			);
			sourceTree = "<group>";
		};
		77C0CE982121631C00DFFFF8 /* Products */ = {
			isa = PBXGroup;
			children = (
				77C0CE972121631C00DFFFF8 /* KeepCharts.framework */,
			);
			name = Products;
			sourceTree = "<group>";
		};
		77C0CE992121631C00DFFFF8 /* KeepCharts */ = {
			isa = PBXGroup;
			children = (
				77C0CE9A2121631C00DFFFF8 /* KeepCharts.h */,
				77C0CE9B2121631C00DFFFF8 /* Info.plist */,
			);
			path = KeepCharts;
			sourceTree = "<group>";
		};
		77C0CFC6212163DF00DFFFF8 /* Source */ = {
			isa = PBXGroup;
			children = (
				77C0CFC7212163DF00DFFFF8 /* KeepCharts */,
				77C0D05E212163DF00DFFFF8 /* Supporting Files */,
			);
			path = Source;
			sourceTree = "<group>";
		};
		77C0CFC7212163DF00DFFFF8 /* KeepCharts */ = {
			isa = PBXGroup;
			children = (
				77C0CFC8212163DF00DFFFF8 /* Filters */,
				77C0CFCB212163DF00DFFFF8 /* Renderers */,
				77C0CFEB212163DF00DFFFF8 /* Highlight */,
				77C0CFF6212163DF00DFFFF8 /* Charts */,
				77C0D003212163DF00DFFFF8 /* Animation */,
				77C0D006212163DF00DFFFF8 /* Formatters */,
				77C0D00E212163DF00DFFFF8 /* Utils */,
				77C0D016212163DF00DFFFF8 /* Components */,
				77C0D022212163DF00DFFFF8 /* Jobs */,
				77C0D029212163DF00DFFFF8 /* Data */,
				77C0D055212163DF00DFFFF8 /* Interfaces */,
			);
			path = KeepCharts;
			sourceTree = "<group>";
		};
		77C0CFC8212163DF00DFFFF8 /* Filters */ = {
			isa = PBXGroup;
			children = (
				77C0CFC9212163DF00DFFFF8 /* KeepDataApproximator.swift */,
				77C0CFCA212163DF00DFFFF8 /* KeepDataApproximator+N.swift */,
			);
			path = Filters;
			sourceTree = "<group>";
		};
		77C0CFCB212163DF00DFFFF8 /* Renderers */ = {
			isa = PBXGroup;
			children = (
				77C0CFCC212163DF00DFFFF8 /* KeepRadarChartRenderer.swift */,
				77C0CFCD212163DF00DFFFF8 /* KeepLegendRenderer.swift */,
				77C0CFCE212163DF00DFFFF8 /* KeepYAxisRendererHorizontalBarChart.swift */,
				77C0CFCF212163DF00DFFFF8 /* KeepBubbleChartRenderer.swift */,
				77C0CFD0212163DF00DFFFF8 /* KeepLineChartRenderer.swift */,
				77C0CFD1212163DF00DFFFF8 /* KeepAxisRendererBase.swift */,
				77C0CFD2212163DF00DFFFF8 /* KeepChartDataRendererBase.swift */,
				77C0CFD3212163DF00DFFFF8 /* KeepYAxisRenderer.swift */,
				77C0CFD4212163DF00DFFFF8 /* KeepScatterChartRenderer.swift */,
				77C0CFD5212163DF00DFFFF8 /* KeepCombinedChartRenderer.swift */,
				77C0CFD6212163DF00DFFFF8 /* KeepCandleStickChartRenderer.swift */,
				77C0CFD7212163DF00DFFFF8 /* KeepBarChartRenderer.swift */,
				77C0CFD8212163DF00DFFFF8 /* KeepXAxisRenderer.swift */,
				77C0CFD9212163DF00DFFFF8 /* KeepLineRadarRenderer.swift */,
				77C0CFDA212163DF00DFFFF8 /* KeepBarLineScatterCandleBubbleRenderer.swift */,
				77C0CFDB212163DF00DFFFF8 /* Scatter */,
				77C0CFE4212163DF00DFFFF8 /* KeepXAxisRendererHorizontalBarChart.swift */,
				77C0CFE5212163DF00DFFFF8 /* KeepHorizontalBarChartRenderer.swift */,
				77C0CFE6212163DF00DFFFF8 /* KeepXAxisRendererRadarChart.swift */,
				77C0CFE7212163DF00DFFFF8 /* KeepYAxisRendererRadarChart.swift */,
				77C0CFE8212163DF00DFFFF8 /* KeepPieChartRenderer.swift */,
				77C0CFE9212163DF00DFFFF8 /* KeepRenderer.swift */,
				77C0CFEA212163DF00DFFFF8 /* KeepLineScatterCandleRadarRenderer.swift */,
			);
			path = Renderers;
			sourceTree = "<group>";
		};
		77C0CFDB212163DF00DFFFF8 /* Scatter */ = {
			isa = PBXGroup;
			children = (
				77C0CFDC212163DF00DFFFF8 /* KeepXShapeRenderer.swift */,
				77C0CFDD212163DF00DFFFF8 /* KeepSquareShapeRenderer.swift */,
				77C0CFDE212163DF00DFFFF8 /* KeepChevronDownShapeRenderer.swift */,
				77C0CFDF212163DF00DFFFF8 /* KeepIShapeRenderer.swift */,
				77C0CFE0212163DF00DFFFF8 /* KeepCircleShapeRenderer.swift */,
				77C0CFE1212163DF00DFFFF8 /* KeepCrossShapeRenderer.swift */,
				77C0CFE2212163DF00DFFFF8 /* KeepTriangleShapeRenderer.swift */,
				77C0CFE3212163DF00DFFFF8 /* KeepChevronUpShapeRenderer.swift */,
			);
			path = Scatter;
			sourceTree = "<group>";
		};
		77C0CFEB212163DF00DFFFF8 /* Highlight */ = {
			isa = PBXGroup;
			children = (
				77C0CFEC212163DF00DFFFF8 /* KeepBarHighlighter.swift */,
				77C0CFED212163DF00DFFFF8 /* KeepRadarHighlighter.swift */,
				77C0CFEE212163DF00DFFFF8 /* KeepHighlight.swift */,
				77C0CFEF212163DF00DFFFF8 /* KeepPieHighlighter.swift */,
				77C0CFF0212163DF00DFFFF8 /* KeepHorizontalBarHighlighter.swift */,
				77C0CFF1212163DF00DFFFF8 /* KeepPieRadarHighlighter.swift */,
				77C0CFF2212163DF00DFFFF8 /* KeepRange.swift */,
				77C0CFF3212163DF00DFFFF8 /* KeepChartHighlighter.swift */,
				77C0CFF4212163DF00DFFFF8 /* KeepIHighlighter.swift */,
				77C0CFF5212163DF00DFFFF8 /* KeepCombinedHighlighter.swift */,
			);
			path = Highlight;
			sourceTree = "<group>";
		};
		77C0CFF6212163DF00DFFFF8 /* Charts */ = {
			isa = PBXGroup;
			children = (
				77C0CFF7212163DF00DFFFF8 /* KeepCandleStickChartView.swift */,
				77C0CFF8212163DF00DFFFF8 /* KeepRadarChartView.swift */,
				77C0CFF9212163DF00DFFFF8 /* KeepBarLineChartViewBase.swift */,
				77C0CFFA212163DF00DFFFF8 /* KeepLineChartView.swift */,
				77C0CFFB212163DF00DFFFF8 /* KeepCombinedChartView.swift */,
				77C0CFFC212163DF00DFFFF8 /* KeepHorizontalBarChartView.swift */,
				77C0CFFD212163DF00DFFFF8 /* KeepChartViewBase.swift */,
				77C0CFFE212163DF00DFFFF8 /* KeepBubbleChartView.swift */,
				77C0CFFF212163DF00DFFFF8 /* KeepPieRadarChartViewBase.swift */,
				77C0D000212163DF00DFFFF8 /* KeepBarChartView.swift */,
				77C0D001212163DF00DFFFF8 /* KeepScatterChartView.swift */,
				77C0D002212163DF00DFFFF8 /* KeepPieChartView.swift */,
			);
			path = Charts;
			sourceTree = "<group>";
		};
		77C0D003212163DF00DFFFF8 /* Animation */ = {
			isa = PBXGroup;
			children = (
				77C0D004212163DF00DFFFF8 /* KeepChartAnimationEasing.swift */,
				77C0D005212163DF00DFFFF8 /* KeepAnimator.swift */,
			);
			path = Animation;
			sourceTree = "<group>";
		};
		77C0D006212163DF00DFFFF8 /* Formatters */ = {
			isa = PBXGroup;
			children = (
				77C0D007212163DF00DFFFF8 /* KeepIAxisValueFormatter.swift */,
				77C0D008212163DF00DFFFF8 /* KeepDefaultFillFormatter.swift */,
				77C0D009212163DF00DFFFF8 /* KeepDefaultValueFormatter.swift */,
				77C0D00A212163DF00DFFFF8 /* KeepDefaultAxisValueFormatter.swift */,
				77C0D00B212163DF00DFFFF8 /* KeepIndexAxisValueFormatter.swift */,
				77C0D00C212163DF00DFFFF8 /* KeepIFillFormatter.swift */,
				77C0D00D212163DF00DFFFF8 /* KeepIValueFormatter.swift */,
			);
			path = Formatters;
			sourceTree = "<group>";
		};
		77C0D00E212163DF00DFFFF8 /* Utils */ = {
			isa = PBXGroup;
			children = (
				77C0D00F212163DF00DFFFF8 /* KeepFill.swift */,
				77C0D010212163DF00DFFFF8 /* KeepTransformer.swift */,
				77C0D011212163DF00DFFFF8 /* KeepViewPortHandler.swift */,
				77C0D012212163DF00DFFFF8 /* Platform.swift */,
				77C0D013212163DF00DFFFF8 /* KeepChartColorTemplates.swift */,
				77C0D014212163DF00DFFFF8 /* KeepTransformerHorizontalBarChart.swift */,
				77C0D015212163DF00DFFFF8 /* KeepChartUtils.swift */,
			);
			path = Utils;
			sourceTree = "<group>";
		};
		77C0D016212163DF00DFFFF8 /* Components */ = {
			isa = PBXGroup;
			children = (
				77C0D017212163DF00DFFFF8 /* KeepDescription.swift */,
				77C0D018212163DF00DFFFF8 /* KeepIMarker.swift */,
				77C0D019212163DF00DFFFF8 /* KeepMarkerImage.swift */,
				77C0D01A212163DF00DFFFF8 /* KeepLegend.swift */,
				77C0D01B212163DF00DFFFF8 /* KeepLegendEntry.swift */,
				77C0D01C212163DF00DFFFF8 /* KeepYAxis.swift */,
				77C0D01D212163DF00DFFFF8 /* KeepAxisBase.swift */,
				77C0D01E212163DF00DFFFF8 /* KeepXAxis.swift */,
				77C0D01F212163DF00DFFFF8 /* KeepChartLimitLine.swift */,
				77C0D020212163DF00DFFFF8 /* KeepMarkerView.swift */,
				77C0D021212163DF00DFFFF8 /* KeepComponentBase.swift */,
			);
			path = Components;
			sourceTree = "<group>";
		};
		77C0D022212163DF00DFFFF8 /* Jobs */ = {
			isa = PBXGroup;
			children = (
				77C0D023212163DF00DFFFF8 /* KeepAnimatedZoomViewJob.swift */,
				77C0D024212163DF00DFFFF8 /* KeepViewPortJob.swift */,
				77C0D025212163DF00DFFFF8 /* KeepMoveViewJob.swift */,
				77C0D026212163DF00DFFFF8 /* KeepZoomViewJob.swift */,
				77C0D027212163DF00DFFFF8 /* KeepAnimatedViewPortJob.swift */,
				77C0D028212163DF00DFFFF8 /* KeepAnimatedMoveViewJob.swift */,
			);
			path = Jobs;
			sourceTree = "<group>";
		};
		77C0D029212163DF00DFFFF8 /* Data */ = {
			isa = PBXGroup;
			children = (
				77C0D02A212163DF00DFFFF8 /* Implementations */,
				77C0D049212163DF00DFFFF8 /* Interfaces */,
			);
			path = Data;
			sourceTree = "<group>";
		};
		77C0D02A212163DF00DFFFF8 /* Implementations */ = {
			isa = PBXGroup;
			children = (
				77C0D02B212163DF00DFFFF8 /* Standard */,
				77C0D048212163DF00DFFFF8 /* KeepChartBaseDataSet.swift */,
			);
			path = Implementations;
			sourceTree = "<group>";
		};
		77C0D02B212163DF00DFFFF8 /* Standard */ = {
			isa = PBXGroup;
			children = (
				77C0D02C212163DF00DFFFF8 /* KeepChartData.swift */,
				77C0D02D212163DF00DFFFF8 /* KeepBarChartDataEntry.swift */,
				77C0D02E212163DF00DFFFF8 /* KeepBarChartDataSet.swift */,
				77C0D02F212163DF00DFFFF8 /* KeepRadarChartDataEntry.swift */,
				77C0D030212163DF00DFFFF8 /* KeepBarLineScatterCandleBubbleChartDataSet.swift */,
				77C0D031212163DF00DFFFF8 /* KeepPieChartDataEntry.swift */,
				77C0D032212163DF00DFFFF8 /* KeepCandleChartDataEntry.swift */,
				77C0D033212163DF00DFFFF8 /* KeepCombinedChartData.swift */,
				77C0D034212163DF00DFFFF8 /* KeepLineChartData.swift */,
				77C0D035212163DF00DFFFF8 /* KeepRadarChartData.swift */,
				77C0D036212163DF00DFFFF8 /* KeepCandleChartDataSet.swift */,
				77C0D037212163DF00DFFFF8 /* KeepLineRadarChartDataSet.swift */,
				77C0D038212163DF00DFFFF8 /* KeepBarLineScatterCandleBubbleChartData.swift */,
				77C0D039212163DF00DFFFF8 /* KeepBubbleChartDataEntry.swift */,
				77C0D03A212163DF00DFFFF8 /* KeepChartDataEntryBase.swift */,
				77C0D03B212163DF00DFFFF8 /* KeepChartDataEntry.swift */,
				77C0D03C212163DF00DFFFF8 /* KeepPieChartDataSet.swift */,
				77C0D03D212163DF00DFFFF8 /* KeepBubbleChartData.swift */,
				77C0D03E212163DF00DFFFF8 /* KeepChartDataSet.swift */,
				77C0D03F212163DF00DFFFF8 /* KeepScatterChartDataSet.swift */,
				77C0D040212163DF00DFFFF8 /* KeepScatterChartData.swift */,
				77C0D041212163DF00DFFFF8 /* KeepPieChartData.swift */,
				77C0D042212163DF00DFFFF8 /* KeepCandleChartData.swift */,
				77C0D043212163DF00DFFFF8 /* KeepLineChartDataSet.swift */,
				77C0D044212163DF00DFFFF8 /* KeepBubbleChartDataSet.swift */,
				77C0D045212163DF00DFFFF8 /* KeepRadarChartDataSet.swift */,
				77C0D046212163DF00DFFFF8 /* KeepBarChartData.swift */,
				77C0D047212163DF00DFFFF8 /* KeepLineScatterCandleRadarChartDataSet.swift */,
			);
			path = Standard;
			sourceTree = "<group>";
		};
		77C0D049212163DF00DFFFF8 /* Interfaces */ = {
			isa = PBXGroup;
			children = (
				77C0D04A212163DF00DFFFF8 /* KeepIPieChartDataSet.swift */,
				77C0D04B212163DF00DFFFF8 /* KeepIScatterChartDataSet.swift */,
				77C0D04C212163DF00DFFFF8 /* KeepILineChartDataSet.swift */,
				77C0D04D212163DF00DFFFF8 /* KeepIRadarChartDataSet.swift */,
				77C0D04E212163DF00DFFFF8 /* KeepIBarChartDataSet.swift */,
				77C0D04F212163DF00DFFFF8 /* KeepILineRadarChartDataSet.swift */,
				77C0D050212163DF00DFFFF8 /* KeepIChartDataSet.swift */,
				77C0D051212163DF00DFFFF8 /* KeepICandleChartDataSet.swift */,
				77C0D052212163DF00DFFFF8 /* KeepILineScatterCandleRadarChartDataSet.swift */,
				77C0D053212163DF00DFFFF8 /* KeepIBubbleChartDataSet.swift */,
				77C0D054212163DF00DFFFF8 /* KeepIBarLineScatterCandleBubbleChartDataSet.swift */,
			);
			path = Interfaces;
			sourceTree = "<group>";
		};
		77C0D055212163DF00DFFFF8 /* Interfaces */ = {
			isa = PBXGroup;
			children = (
				77C0D056212163DF00DFFFF8 /* KeepBarChartDataProvider.swift */,
				77C0D057212163DF00DFFFF8 /* KeepChartDataProvider.swift */,
				77C0D058212163DF00DFFFF8 /* KeepCandleChartDataProvider.swift */,
				77C0D059212163DF00DFFFF8 /* KeepCombinedChartDataProvider.swift */,
				77C0D05A212163DF00DFFFF8 /* KeepLineChartDataProvider.swift */,
				77C0D05B212163DF00DFFFF8 /* KeepBarLineScatterCandleBubbleChartDataProvider.swift */,
				77C0D05C212163DF00DFFFF8 /* KeepScatterChartDataProvider.swift */,
				77C0D05D212163DF00DFFFF8 /* KeepBubbleChartDataProvider.swift */,
			);
			path = Interfaces;
			sourceTree = "<group>";
		};
		77C0D05E212163DF00DFFFF8 /* Supporting Files */ = {
			isa = PBXGroup;
			children = (
				77C0D05F212163DF00DFFFF8 /* KeepCharts.h */,
				77C0D060212163DF00DFFFF8 /* Info.plist */,
			);
			path = "Supporting Files";
			sourceTree = "<group>";
		};
/* End PBXGroup section */

/* Begin PBXHeadersBuildPhase section */
		77C0CE942121631C00DFFFF8 /* Headers */ = {
			isa = PBXHeadersBuildPhase;
			buildActionMask = 2147483647;
			files = (
				77C0CE9C2121631C00DFFFF8 /* KeepCharts.h in Headers */,
				77C0D0E8212163E000DFFFF8 /* KeepCharts.h in Headers */,
			);
			runOnlyForDeploymentPostprocessing = 0;
		};
/* End PBXHeadersBuildPhase section */

/* Begin PBXNativeTarget section */
		77C0CE962121631C00DFFFF8 /* KeepCharts */ = {
			isa = PBXNativeTarget;
			buildConfigurationList = 77C0CE9F2121631C00DFFFF8 /* Build configuration list for PBXNativeTarget "KeepCharts" */;
			buildPhases = (
				77C0CE922121631C00DFFFF8 /* Sources */,
				77C0CE932121631C00DFFFF8 /* Frameworks */,
				77C0CE942121631C00DFFFF8 /* Headers */,
				77C0CE952121631C00DFFFF8 /* Resources */,
			);
			buildRules = (
			);
			dependencies = (
			);
			name = KeepCharts;
			productName = KeepCharts;
			productReference = 77C0CE972121631C00DFFFF8 /* KeepCharts.framework */;
			productType = "com.apple.product-type.framework";
		};
/* End PBXNativeTarget section */

/* Begin PBXProject section */
		77C0CE8E2121631C00DFFFF8 /* Project object */ = {
			isa = PBXProject;
			attributes = {
				LastUpgradeCheck = 0940;
				ORGANIZATIONNAME = Keep;
				TargetAttributes = {
					77C0CE962121631C00DFFFF8 = {
						CreatedOnToolsVersion = 9.4.1;
					};
					77C0D0EA2121959C00DFFFF8 = {
						CreatedOnToolsVersion = 9.4.1;
					};
				};
			};
			buildConfigurationList = 77C0CE912121631C00DFFFF8 /* Build configuration list for PBXProject "KeepCharts" */;
			compatibilityVersion = "Xcode 9.3";
			developmentRegion = en;
			hasScannedForEncodings = 0;
			knownRegions = (
				en,
			);
			mainGroup = 77C0CE8D2121631C00DFFFF8;
			productRefGroup = 77C0CE982121631C00DFFFF8 /* Products */;
			projectDirPath = "";
			projectRoot = "";
			targets = (
				77C0CE962121631C00DFFFF8 /* KeepCharts */,
				77C0D0EA2121959C00DFFFF8 /* CommonBuilder */,
			);
		};
/* End PBXProject section */

/* Begin PBXResourcesBuildPhase section */
		77C0CE952121631C00DFFFF8 /* Resources */ = {
			isa = PBXResourcesBuildPhase;
			buildActionMask = 2147483647;
			files = (
				77C0D0E9212163E000DFFFF8 /* Info.plist in Resources */,
			);
			runOnlyForDeploymentPostprocessing = 0;
		};
/* End PBXResourcesBuildPhase section */

/* Begin PBXShellScriptBuildPhase section */
		77C0D0EE212195AF00DFFFF8 /* ShellScript */ = {
			isa = PBXShellScriptBuildPhase;
			buildActionMask = 2147483647;
			files = (
			);
			inputPaths = (
			);
			outputPaths = (
			);
			runOnlyForDeploymentPostprocessing = 0;
			shellPath = /bin/sh;
			shellScript = "script\n\n# Merge Script\n\n# 1\n# Set bash script to exit immediately if any commands fail.\nset -e\n\n# 2\n# Setup some constants for use later on.\nFRAMEWORK_NAME=\"KeepCharts\"\n\n# 3\n# If remnants from a previous build exist, delete them.\nif [ -d \"${SRCROOT}/build\" ]; then\nrm -rf \"${SRCROOT}/build\"\nfi\n\n# 4\n# Build the framework for device and for simulator (using\n# all needed architectures).\nxcodebuild -target \"${FRAMEWORK_NAME}\" -configuration Release -arch arm64 -arch armv7 -arch armv7s only_active_arch=no defines_module=yes -sdk \"iphoneos\"\nxcodebuild -target \"${FRAMEWORK_NAME}\" -configuration Release -arch x86_64 -arch i386 only_active_arch=no defines_module=yes -sdk \"iphonesimulator\"\n\n# 5\n# Remove .framework file if exists on Desktop from previous run.\nif [ -d \"${HOME}/Desktop/${FRAMEWORK_NAME}.framework\" ]; then\nrm -rf \"${HOME}/Desktop/${FRAMEWORK_NAME}.framework\"\nfi\n\n# 6\n# Copy the device version of framework to Desktop.\ncp -r \"${SRCROOT}/build/Release-iphoneos/${FRAMEWORK_NAME}.framework\" \"${HOME}/Desktop/${FRAMEWORK_NAME}.framework\"\n\n# 7\n# Replace the framework executable within the framework with\n# a new version created by merging the device and simulator\n# frameworks' executables with lipo.\nlipo -create -output \"${HOME}/Desktop/${FRAMEWORK_NAME}.framework/${FRAMEWORK_NAME}\" \"${SRCROOT}/build/Release-iphoneos/${FRAMEWORK_NAME}.framework/${FRAMEWORK_NAME}\" \"${SRCROOT}/build/Release-iphonesimulator/${FRAMEWORK_NAME}.framework/${FRAMEWORK_NAME}\"\n\n# 8\n# Copy the Swift module mappings for the simulator into the\n# framework.  The device mappings already exist from step 6.\ncp -r \"${SRCROOT}/build/Release-iphonesimulator/${FRAMEWORK_NAME}.framework/Modules/${FRAMEWORK_NAME}.swiftmodule/\" \"${HOME}/Desktop/${FRAMEWORK_NAME}.framework/Modules/${FRAMEWORK_NAME}.swiftmodule\"\n\n# 9\n# Delete the most recent build.\nif [ -d \"${SRCROOT}/build\" ]; then\nrm -rf \"${SRCROOT}/build\"\nfi";
		};
/* End PBXShellScriptBuildPhase section */

/* Begin PBXSourcesBuildPhase section */
		77C0CE922121631C00DFFFF8 /* Sources */ = {
			isa = PBXSourcesBuildPhase;
			buildActionMask = 2147483647;
			files = (
				77C0D0B5212163E000DFFFF8 /* KeepZoomViewJob.swift in Sources */,
				77C0D0BC212163E000DFFFF8 /* KeepBarLineScatterCandleBubbleChartDataSet.swift in Sources */,
				77C0D096212163E000DFFFF8 /* KeepPieChartView.swift in Sources */,
				77C0D09D212163E000DFFFF8 /* KeepIndexAxisValueFormatter.swift in Sources */,
				77C0D068212163E000DFFFF8 /* KeepAxisRendererBase.swift in Sources */,
				77C0D093212163E000DFFFF8 /* KeepPieRadarChartViewBase.swift in Sources */,
				77C0D0C8212163E000DFFFF8 /* KeepPieChartDataSet.swift in Sources */,
				77C0D077212163E000DFFFF8 /* KeepCrossShapeRenderer.swift in Sources */,
				77C0D0B6212163E000DFFFF8 /* KeepAnimatedViewPortJob.swift in Sources */,
				77C0D07E212163E000DFFFF8 /* KeepPieChartRenderer.swift in Sources */,
				77C0D0C1212163E000DFFFF8 /* KeepRadarChartData.swift in Sources */,
				77C0D0B1212163E000DFFFF8 /* KeepComponentBase.swift in Sources */,
				77C0D097212163E000DFFFF8 /* KeepChartAnimationEasing.swift in Sources */,
				77C0D0CA212163E000DFFFF8 /* KeepChartDataSet.swift in Sources */,
				77C0D0E1212163E000DFFFF8 /* KeepChartDataProvider.swift in Sources */,
				77C0D09E212163E000DFFFF8 /* KeepIFillFormatter.swift in Sources */,
				77C0D0B0212163E000DFFFF8 /* KeepMarkerView.swift in Sources */,
				77C0D0AC212163E000DFFFF8 /* KeepYAxis.swift in Sources */,
				77C0D06F212163E000DFFFF8 /* KeepXAxisRenderer.swift in Sources */,
				77C0D0A7212163E000DFFFF8 /* KeepDescription.swift in Sources */,
				77C0D0A3212163E000DFFFF8 /* Platform.swift in Sources */,
				77C0D0DC212163E000DFFFF8 /* KeepICandleChartDataSet.swift in Sources */,
				77C0D0C6212163E000DFFFF8 /* KeepChartDataEntryBase.swift in Sources */,
				77C0D08A212163E000DFFFF8 /* KeepCombinedHighlighter.swift in Sources */,
				77C0D0E2212163E000DFFFF8 /* KeepCandleChartDataProvider.swift in Sources */,
				77C0D0DE212163E000DFFFF8 /* KeepIBubbleChartDataSet.swift in Sources */,
				77C0D06E212163E000DFFFF8 /* KeepBarChartRenderer.swift in Sources */,
				77C0D0D0212163E000DFFFF8 /* KeepBubbleChartDataSet.swift in Sources */,
				77C0D06A212163E000DFFFF8 /* KeepYAxisRenderer.swift in Sources */,
				77C0D085212163E000DFFFF8 /* KeepHorizontalBarHighlighter.swift in Sources */,
				77C0D0DD212163E000DFFFF8 /* KeepILineScatterCandleRadarChartDataSet.swift in Sources */,
				77C0D0D3212163E000DFFFF8 /* KeepLineScatterCandleRadarChartDataSet.swift in Sources */,
				77C0D0B2212163E000DFFFF8 /* KeepAnimatedZoomViewJob.swift in Sources */,
				77C0D0A1212163E000DFFFF8 /* KeepTransformer.swift in Sources */,
				77C0D075212163E000DFFFF8 /* KeepIShapeRenderer.swift in Sources */,
				77C0D0A9212163E000DFFFF8 /* KeepMarkerImage.swift in Sources */,
				77C0D0CB212163E000DFFFF8 /* KeepScatterChartDataSet.swift in Sources */,
				77C0D0A4212163E000DFFFF8 /* KeepChartColorTemplates.swift in Sources */,
				77C0D0DB212163E000DFFFF8 /* KeepIChartDataSet.swift in Sources */,
				77C0D0A5212163E000DFFFF8 /* KeepTransformerHorizontalBarChart.swift in Sources */,
				77C0D098212163E000DFFFF8 /* KeepAnimator.swift in Sources */,
				77C0D0BA212163E000DFFFF8 /* KeepBarChartDataSet.swift in Sources */,
				77C0D062212163E000DFFFF8 /* KeepDataApproximator+N.swift in Sources */,
				77C0D08C212163E000DFFFF8 /* KeepRadarChartView.swift in Sources */,
				77C0D064212163E000DFFFF8 /* KeepLegendRenderer.swift in Sources */,
				77C0D0CE212163E000DFFFF8 /* KeepCandleChartData.swift in Sources */,
				77C0D08B212163E000DFFFF8 /* KeepCandleStickChartView.swift in Sources */,
				77C0D083212163E000DFFFF8 /* KeepHighlight.swift in Sources */,
				77C0D0E7212163E000DFFFF8 /* KeepBubbleChartDataProvider.swift in Sources */,
				77C0D0C0212163E000DFFFF8 /* KeepLineChartData.swift in Sources */,
				77C0D0E4212163E000DFFFF8 /* KeepLineChartDataProvider.swift in Sources */,
				77C0D094212163E000DFFFF8 /* KeepBarChartView.swift in Sources */,
				77C0D071212163E000DFFFF8 /* KeepBarLineScatterCandleBubbleRenderer.swift in Sources */,
				77C0D07A212163E000DFFFF8 /* KeepXAxisRendererHorizontalBarChart.swift in Sources */,
				77C0D0E5212163E000DFFFF8 /* KeepBarLineScatterCandleBubbleChartDataProvider.swift in Sources */,
				77C0D0C7212163E000DFFFF8 /* KeepChartDataEntry.swift in Sources */,
				77C0D09A212163E000DFFFF8 /* KeepDefaultFillFormatter.swift in Sources */,
				77C0D0C3212163E000DFFFF8 /* KeepLineRadarChartDataSet.swift in Sources */,
				77C0D09F212163E000DFFFF8 /* KeepIValueFormatter.swift in Sources */,
				77C0D0A2212163E000DFFFF8 /* KeepViewPortHandler.swift in Sources */,
				77C0D0B9212163E000DFFFF8 /* KeepBarChartDataEntry.swift in Sources */,
				77C0D089212163E000DFFFF8 /* KeepIHighlighter.swift in Sources */,
				77C0D06C212163E000DFFFF8 /* KeepCombinedChartRenderer.swift in Sources */,
				77C0D07F212163E000DFFFF8 /* KeepRenderer.swift in Sources */,
				77C0D090212163E000DFFFF8 /* KeepHorizontalBarChartView.swift in Sources */,
				77C0D0E6212163E000DFFFF8 /* KeepScatterChartDataProvider.swift in Sources */,
				77C0D087212163E000DFFFF8 /* KeepRange.swift in Sources */,
				77C0D061212163E000DFFFF8 /* KeepDataApproximator.swift in Sources */,
				77C0D079212163E000DFFFF8 /* KeepChevronUpShapeRenderer.swift in Sources */,
				77C0D084212163E000DFFFF8 /* KeepPieHighlighter.swift in Sources */,
				77C0D07D212163E000DFFFF8 /* KeepYAxisRendererRadarChart.swift in Sources */,
				77C0D0E0212163E000DFFFF8 /* KeepBarChartDataProvider.swift in Sources */,
				77C0D0C2212163E000DFFFF8 /* KeepCandleChartDataSet.swift in Sources */,
				77C0D0DA212163E000DFFFF8 /* KeepILineRadarChartDataSet.swift in Sources */,
				77C0D07B212163E000DFFFF8 /* KeepHorizontalBarChartRenderer.swift in Sources */,
				77C0D091212163E000DFFFF8 /* KeepChartViewBase.swift in Sources */,
				77C0D063212163E000DFFFF8 /* KeepRadarChartRenderer.swift in Sources */,
				77C0D099212163E000DFFFF8 /* KeepIAxisValueFormatter.swift in Sources */,
				77C0D0BE212163E000DFFFF8 /* KeepCandleChartDataEntry.swift in Sources */,
				77C0D0B4212163E000DFFFF8 /* KeepMoveViewJob.swift in Sources */,
				77C0D078212163E000DFFFF8 /* KeepTriangleShapeRenderer.swift in Sources */,
				77C0D08D212163E000DFFFF8 /* KeepBarLineChartViewBase.swift in Sources */,
				77C0D09C212163E000DFFFF8 /* KeepDefaultAxisValueFormatter.swift in Sources */,
				77C0D0CD212163E000DFFFF8 /* KeepPieChartData.swift in Sources */,
				77C0D0D1212163E000DFFFF8 /* KeepRadarChartDataSet.swift in Sources */,
				77C0D074212163E000DFFFF8 /* KeepChevronDownShapeRenderer.swift in Sources */,
				77C0D076212163E000DFFFF8 /* KeepCircleShapeRenderer.swift in Sources */,
				77C0D0C5212163E000DFFFF8 /* KeepBubbleChartDataEntry.swift in Sources */,
				77C0D080212163E000DFFFF8 /* KeepLineScatterCandleRadarRenderer.swift in Sources */,
				77C0D0A0212163E000DFFFF8 /* KeepFill.swift in Sources */,
				77C0D0D6212163E000DFFFF8 /* KeepIScatterChartDataSet.swift in Sources */,
				77C0D0C9212163E000DFFFF8 /* KeepBubbleChartData.swift in Sources */,
				77C0D0A6212163E000DFFFF8 /* KeepChartUtils.swift in Sources */,
				77C0D088212163E000DFFFF8 /* KeepChartHighlighter.swift in Sources */,
				77C0D0B7212163E000DFFFF8 /* KeepAnimatedMoveViewJob.swift in Sources */,
				77C0D0CF212163E000DFFFF8 /* KeepLineChartDataSet.swift in Sources */,
				77C0D095212163E000DFFFF8 /* KeepScatterChartView.swift in Sources */,
				77C0D08F212163E000DFFFF8 /* KeepCombinedChartView.swift in Sources */,
				77C0D082212163E000DFFFF8 /* KeepRadarHighlighter.swift in Sources */,
				77C0D0AF212163E000DFFFF8 /* KeepChartLimitLine.swift in Sources */,
				77C0D0E3212163E000DFFFF8 /* KeepCombinedChartDataProvider.swift in Sources */,
				77C0D0B3212163E000DFFFF8 /* KeepViewPortJob.swift in Sources */,
				77C0D06B212163E000DFFFF8 /* KeepScatterChartRenderer.swift in Sources */,
				77C0D0AA212163E000DFFFF8 /* KeepLegend.swift in Sources */,
				77C0D092212163E000DFFFF8 /* KeepBubbleChartView.swift in Sources */,
				77C0D0AE212163E000DFFFF8 /* KeepXAxis.swift in Sources */,
				77C0D09B212163E000DFFFF8 /* KeepDefaultValueFormatter.swift in Sources */,
				77C0D065212163E000DFFFF8 /* KeepYAxisRendererHorizontalBarChart.swift in Sources */,
				77C0D0BD212163E000DFFFF8 /* KeepPieChartDataEntry.swift in Sources */,
				77C0D07C212163E000DFFFF8 /* KeepXAxisRendererRadarChart.swift in Sources */,
				77C0D070212163E000DFFFF8 /* KeepLineRadarRenderer.swift in Sources */,
				77C0D0BB212163E000DFFFF8 /* KeepRadarChartDataEntry.swift in Sources */,
				77C0D0D9212163E000DFFFF8 /* KeepIBarChartDataSet.swift in Sources */,
				77C0D08E212163E000DFFFF8 /* KeepLineChartView.swift in Sources */,
				77C0D06D212163E000DFFFF8 /* KeepCandleStickChartRenderer.swift in Sources */,
				77C0D0D4212163E000DFFFF8 /* KeepChartBaseDataSet.swift in Sources */,
				77C0D081212163E000DFFFF8 /* KeepBarHighlighter.swift in Sources */,
				77C0D0D2212163E000DFFFF8 /* KeepBarChartData.swift in Sources */,
				77C0D067212163E000DFFFF8 /* KeepLineChartRenderer.swift in Sources */,
				77C0D086212163E000DFFFF8 /* KeepPieRadarHighlighter.swift in Sources */,
				77C0D0D5212163E000DFFFF8 /* KeepIPieChartDataSet.swift in Sources */,
				77C0D0A8212163E000DFFFF8 /* KeepIMarker.swift in Sources */,
				77C0D0BF212163E000DFFFF8 /* KeepCombinedChartData.swift in Sources */,
				77C0D072212163E000DFFFF8 /* KeepXShapeRenderer.swift in Sources */,
				77C0D066212163E000DFFFF8 /* KeepBubbleChartRenderer.swift in Sources */,
				77C0D0C4212163E000DFFFF8 /* KeepBarLineScatterCandleBubbleChartData.swift in Sources */,
				77C0D0AB212163E000DFFFF8 /* KeepLegendEntry.swift in Sources */,
				77C0D0DF212163E000DFFFF8 /* KeepIBarLineScatterCandleBubbleChartDataSet.swift in Sources */,
				77C0D0CC212163E000DFFFF8 /* KeepScatterChartData.swift in Sources */,
				77C0D0AD212163E000DFFFF8 /* KeepAxisBase.swift in Sources */,
				77C0D073212163E000DFFFF8 /* KeepSquareShapeRenderer.swift in Sources */,
				77C0D0B8212163E000DFFFF8 /* KeepChartData.swift in Sources */,
				77C0D0D7212163E000DFFFF8 /* KeepILineChartDataSet.swift in Sources */,
				77C0D0D8212163E000DFFFF8 /* KeepIRadarChartDataSet.swift in Sources */,
				77C0D069212163E000DFFFF8 /* KeepChartDataRendererBase.swift in Sources */,
			);
			runOnlyForDeploymentPostprocessing = 0;
		};
/* End PBXSourcesBuildPhase section */

/* Begin XCBuildConfiguration section */
		77C0CE9D2121631C00DFFFF8 /* Debug */ = {
			isa = XCBuildConfiguration;
			buildSettings = {
				ALWAYS_SEARCH_USER_PATHS = NO;
				CLANG_ANALYZER_NONNULL = YES;
				CLANG_ANALYZER_NUMBER_OBJECT_CONVERSION = YES_AGGRESSIVE;
				CLANG_CXX_LANGUAGE_STANDARD = "gnu++14";
				CLANG_CXX_LIBRARY = "libc++";
				CLANG_ENABLE_MODULES = YES;
				CLANG_ENABLE_OBJC_ARC = YES;
				CLANG_ENABLE_OBJC_WEAK = YES;
				CLANG_WARN_BLOCK_CAPTURE_AUTORELEASING = YES;
				CLANG_WARN_BOOL_CONVERSION = YES;
				CLANG_WARN_COMMA = YES;
				CLANG_WARN_CONSTANT_CONVERSION = YES;
				CLANG_WARN_DEPRECATED_OBJC_IMPLEMENTATIONS = YES;
				CLANG_WARN_DIRECT_OBJC_ISA_USAGE = YES_ERROR;
				CLANG_WARN_DOCUMENTATION_COMMENTS = YES;
				CLANG_WARN_EMPTY_BODY = YES;
				CLANG_WARN_ENUM_CONVERSION = YES;
				CLANG_WARN_INFINITE_RECURSION = YES;
				CLANG_WARN_INT_CONVERSION = YES;
				CLANG_WARN_NON_LITERAL_NULL_CONVERSION = YES;
				CLANG_WARN_OBJC_IMPLICIT_RETAIN_SELF = YES;
				CLANG_WARN_OBJC_LITERAL_CONVERSION = YES;
				CLANG_WARN_OBJC_ROOT_CLASS = YES_ERROR;
				CLANG_WARN_RANGE_LOOP_ANALYSIS = YES;
				CLANG_WARN_STRICT_PROTOTYPES = YES;
				CLANG_WARN_SUSPICIOUS_MOVE = YES;
				CLANG_WARN_UNGUARDED_AVAILABILITY = YES_AGGRESSIVE;
				CLANG_WARN_UNREACHABLE_CODE = YES;
				CLANG_WARN__DUPLICATE_METHOD_MATCH = YES;
				CODE_SIGN_IDENTITY = "iPhone Developer";
				COPY_PHASE_STRIP = NO;
				CURRENT_PROJECT_VERSION = 1;
				DEBUG_INFORMATION_FORMAT = dwarf;
				ENABLE_STRICT_OBJC_MSGSEND = YES;
				ENABLE_TESTABILITY = YES;
				GCC_C_LANGUAGE_STANDARD = gnu11;
				GCC_DYNAMIC_NO_PIC = NO;
				GCC_NO_COMMON_BLOCKS = YES;
				GCC_OPTIMIZATION_LEVEL = 0;
				GCC_PREPROCESSOR_DEFINITIONS = (
					"DEBUG=1",
					"$(inherited)",
				);
				GCC_WARN_64_TO_32_BIT_CONVERSION = YES;
				GCC_WARN_ABOUT_RETURN_TYPE = YES_ERROR;
				GCC_WARN_UNDECLARED_SELECTOR = YES;
				GCC_WARN_UNINITIALIZED_AUTOS = YES_AGGRESSIVE;
				GCC_WARN_UNUSED_FUNCTION = YES;
				GCC_WARN_UNUSED_VARIABLE = YES;
				IPHONEOS_DEPLOYMENT_TARGET = 11.4;
				MTL_ENABLE_DEBUG_INFO = YES;
				ONLY_ACTIVE_ARCH = YES;
				SDKROOT = iphoneos;
				SWIFT_ACTIVE_COMPILATION_CONDITIONS = DEBUG;
				SWIFT_OPTIMIZATION_LEVEL = "-Onone";
				VERSIONING_SYSTEM = "apple-generic";
				VERSION_INFO_PREFIX = "";
			};
			name = Debug;
		};
		77C0CE9E2121631C00DFFFF8 /* Release */ = {
			isa = XCBuildConfiguration;
			buildSettings = {
				ALWAYS_SEARCH_USER_PATHS = NO;
				CLANG_ANALYZER_NONNULL = YES;
				CLANG_ANALYZER_NUMBER_OBJECT_CONVERSION = YES_AGGRESSIVE;
				CLANG_CXX_LANGUAGE_STANDARD = "gnu++14";
				CLANG_CXX_LIBRARY = "libc++";
				CLANG_ENABLE_MODULES = YES;
				CLANG_ENABLE_OBJC_ARC = YES;
				CLANG_ENABLE_OBJC_WEAK = YES;
				CLANG_WARN_BLOCK_CAPTURE_AUTORELEASING = YES;
				CLANG_WARN_BOOL_CONVERSION = YES;
				CLANG_WARN_COMMA = YES;
				CLANG_WARN_CONSTANT_CONVERSION = YES;
				CLANG_WARN_DEPRECATED_OBJC_IMPLEMENTATIONS = YES;
				CLANG_WARN_DIRECT_OBJC_ISA_USAGE = YES_ERROR;
				CLANG_WARN_DOCUMENTATION_COMMENTS = YES;
				CLANG_WARN_EMPTY_BODY = YES;
				CLANG_WARN_ENUM_CONVERSION = YES;
				CLANG_WARN_INFINITE_RECURSION = YES;
				CLANG_WARN_INT_CONVERSION = YES;
				CLANG_WARN_NON_LITERAL_NULL_CONVERSION = YES;
				CLANG_WARN_OBJC_IMPLICIT_RETAIN_SELF = YES;
				CLANG_WARN_OBJC_LITERAL_CONVERSION = YES;
				CLANG_WARN_OBJC_ROOT_CLASS = YES_ERROR;
				CLANG_WARN_RANGE_LOOP_ANALYSIS = YES;
				CLANG_WARN_STRICT_PROTOTYPES = YES;
				CLANG_WARN_SUSPICIOUS_MOVE = YES;
				CLANG_WARN_UNGUARDED_AVAILABILITY = YES_AGGRESSIVE;
				CLANG_WARN_UNREACHABLE_CODE = YES;
				CLANG_WARN__DUPLICATE_METHOD_MATCH = YES;
				CODE_SIGN_IDENTITY = "iPhone Developer";
				COPY_PHASE_STRIP = NO;
				CURRENT_PROJECT_VERSION = 1;
				DEBUG_INFORMATION_FORMAT = "dwarf-with-dsym";
				ENABLE_NS_ASSERTIONS = NO;
				ENABLE_STRICT_OBJC_MSGSEND = YES;
				GCC_C_LANGUAGE_STANDARD = gnu11;
				GCC_NO_COMMON_BLOCKS = YES;
				GCC_WARN_64_TO_32_BIT_CONVERSION = YES;
				GCC_WARN_ABOUT_RETURN_TYPE = YES_ERROR;
				GCC_WARN_UNDECLARED_SELECTOR = YES;
				GCC_WARN_UNINITIALIZED_AUTOS = YES_AGGRESSIVE;
				GCC_WARN_UNUSED_FUNCTION = YES;
				GCC_WARN_UNUSED_VARIABLE = YES;
				IPHONEOS_DEPLOYMENT_TARGET = 11.4;
				MTL_ENABLE_DEBUG_INFO = NO;
				SDKROOT = iphoneos;
				SWIFT_COMPILATION_MODE = wholemodule;
				SWIFT_OPTIMIZATION_LEVEL = "-O";
				VALIDATE_PRODUCT = YES;
				VERSIONING_SYSTEM = "apple-generic";
				VERSION_INFO_PREFIX = "";
			};
			name = Release;
		};
		77C0CEA02121631C00DFFFF8 /* Debug */ = {
			isa = XCBuildConfiguration;
			buildSettings = {
				ARCHS = (
					"$(ARCHS_STANDARD)",
					armv7s,
				);
				CODE_SIGN_IDENTITY = "";
				CODE_SIGN_STYLE = Automatic;
				DEFINES_MODULE = YES;
				DEVELOPMENT_TEAM = C62TJ4568H;
				DYLIB_COMPATIBILITY_VERSION = 1;
				DYLIB_CURRENT_VERSION = 1;
				DYLIB_INSTALL_NAME_BASE = "@rpath";
				INFOPLIST_FILE = KeepCharts/Info.plist;
				INSTALL_PATH = "$(LOCAL_LIBRARY_DIR)/Frameworks";
				IPHONEOS_DEPLOYMENT_TARGET = 8.0;
				LD_RUNPATH_SEARCH_PATHS = (
					"$(inherited)",
					"@executable_path/Frameworks",
					"@loader_path/Frameworks",
				);
				PRODUCT_BUNDLE_IDENTIFIER = com.gotokeep.KeepCharts;
				PRODUCT_NAME = "$(TARGET_NAME:c99extidentifier)";
				SKIP_INSTALL = YES;
				SWIFT_VERSION = 4.0;
				TARGETED_DEVICE_FAMILY = "1,2";
			};
			name = Debug;
		};
		77C0CEA12121631C00DFFFF8 /* Release */ = {
			isa = XCBuildConfiguration;
			buildSettings = {
				ARCHS = (
					"$(ARCHS_STANDARD)",
					armv7s,
				);
				CODE_SIGN_IDENTITY = "";
				CODE_SIGN_STYLE = Automatic;
				DEFINES_MODULE = YES;
				DEVELOPMENT_TEAM = C62TJ4568H;
				DYLIB_COMPATIBILITY_VERSION = 1;
				DYLIB_CURRENT_VERSION = 1;
				DYLIB_INSTALL_NAME_BASE = "@rpath";
				INFOPLIST_FILE = KeepCharts/Info.plist;
				INSTALL_PATH = "$(LOCAL_LIBRARY_DIR)/Frameworks";
				IPHONEOS_DEPLOYMENT_TARGET = 8.0;
				LD_RUNPATH_SEARCH_PATHS = (
					"$(inherited)",
					"@executable_path/Frameworks",
					"@loader_path/Frameworks",
				);
				PRODUCT_BUNDLE_IDENTIFIER = com.gotokeep.KeepCharts;
				PRODUCT_NAME = "$(TARGET_NAME:c99extidentifier)";
				SKIP_INSTALL = YES;
				SWIFT_VERSION = 4.0;
				TARGETED_DEVICE_FAMILY = "1,2";
			};
			name = Release;
		};
		77C0D0EC2121959C00DFFFF8 /* Debug */ = {
			isa = XCBuildConfiguration;
			buildSettings = {
				CODE_SIGN_STYLE = Automatic;
				DEAD_CODE_STRIPPING = NO;
				DEVELOPMENT_TEAM = C62TJ4568H;
				IPHONEOS_DEPLOYMENT_TARGET = 8.0;
				LINK_WITH_STANDARD_LIBRARIES = NO;
				ONLY_ACTIVE_ARCH = NO;
				PRODUCT_NAME = "$(TARGET_NAME)";
			};
			name = Debug;
		};
		77C0D0ED2121959C00DFFFF8 /* Release */ = {
			isa = XCBuildConfiguration;
			buildSettings = {
				CODE_SIGN_STYLE = Automatic;
				DEAD_CODE_STRIPPING = NO;
				DEVELOPMENT_TEAM = C62TJ4568H;
				IPHONEOS_DEPLOYMENT_TARGET = 8.0;
				LINK_WITH_STANDARD_LIBRARIES = NO;
				ONLY_ACTIVE_ARCH = NO;
				PRODUCT_NAME = "$(TARGET_NAME)";
			};
			name = Release;
		};
/* End XCBuildConfiguration section */

/* Begin XCConfigurationList section */
		77C0CE912121631C00DFFFF8 /* Build configuration list for PBXProject "KeepCharts" */ = {
			isa = XCConfigurationList;
			buildConfigurations = (
				77C0CE9D2121631C00DFFFF8 /* Debug */,
				77C0CE9E2121631C00DFFFF8 /* Release */,
			);
			defaultConfigurationIsVisible = 0;
			defaultConfigurationName = Release;
		};
		77C0CE9F2121631C00DFFFF8 /* Build configuration list for PBXNativeTarget "KeepCharts" */ = {
			isa = XCConfigurationList;
			buildConfigurations = (
				77C0CEA02121631C00DFFFF8 /* Debug */,
				77C0CEA12121631C00DFFFF8 /* Release */,
			);
			defaultConfigurationIsVisible = 0;
			defaultConfigurationName = Release;
		};
		77C0D0EB2121959C00DFFFF8 /* Build configuration list for PBXAggregateTarget "CommonBuilder" */ = {
			isa = XCConfigurationList;
			buildConfigurations = (
				77C0D0EC2121959C00DFFFF8 /* Debug */,
				77C0D0ED2121959C00DFFFF8 /* Release */,
			);
			defaultConfigurationIsVisible = 0;
			defaultConfigurationName = Release;
		};
/* End XCConfigurationList section */
	};
	rootObject = 77C0CE8E2121631C00DFFFF8 /* Project object */;
}
